
Microsoft Visual Studio Solution File, Format Version 12.00
# Visual Studio 14
VisualStudioVersion = 14.0.25420.1
MinimumVisualStudioVersion = 10.0.40219.1
Project("{2150E333-8FDC-42A3-9474-1A3956D46DE8}") = "Tests", "Tests", "{9D2C01FA-14E3-4A98-90D9-B93CAED556C9}"
EndProject
Project("{2150E333-8FDC-42A3-9474-1A3956D46DE8}") = "XUnit2Tests", "XUnit2Tests", "{D7A39BB9-773C-43B3-8C2F-07F07AC2D61F}"
EndProject
Project("{FAE04EC0-301F-11D3-BF4B-00C04F79EFBC}") = "CatchBlock_v0", "tests\XUnit2Tests\CatchBlock_v0\CatchBlock_v0.csproj", "{F58632C1-046A-4CDF-8482-1E147DDC0B38}"
EndProject
Project("{FAE04EC0-301F-11D3-BF4B-00C04F79EFBC}") = "CatchBlock_v1", "tests\XUnit2Tests\CatchBlock_v1\CatchBlock_v1.csproj", "{2BCC0772-CF55-4F3F-B33F-BF2FEC9E5C10}"
EndProject
Project("{FAE04EC0-301F-11D3-BF4B-00C04F79EFBC}") = "CatchFilters_v0", "tests\XUnit2Tests\CatchFilters_v0\CatchFilters_v0.csproj", "{EC5ADA38-3ED5-4A42-84FD-DB9245259A50}"
EndProject
Project("{FAE04EC0-301F-11D3-BF4B-00C04F79EFBC}") = "CatchFilters_v1", "tests\XUnit2Tests\CatchFilters_v1\CatchFilters_v1.csproj", "{F55F1519-31A1-4C51-874D-CBB2399F07DA}"
EndProject
Project("{FAE04EC0-301F-11D3-BF4B-00C04F79EFBC}") = "ChangeLambda_v0", "tests\XUnit2Tests\ChangeLambda_v0\ChangeLambda_v0.csproj", "{DD5592EC-BAD2-4332-A10F-7F94D2C9905F}"
EndProject
Project("{FAE04EC0-301F-11D3-BF4B-00C04F79EFBC}") = "ChangeLambda_v1", "tests\XUnit2Tests\ChangeLambda_v1\ChangeLambda_v1.csproj", "{968AC5CE-657B-475F-A6A8-5CB75B9F4C5A}"
EndProject
Project("{FAE04EC0-301F-11D3-BF4B-00C04F79EFBC}") = "ChangeLambda_v2", "tests\XUnit2Tests\ChangeLambda_v2\ChangeLambda_v2.csproj", "{877098D0-4A34-43D4-8FE7-12997348EE46}"
EndProject
Project("{FAE04EC0-301F-11D3-BF4B-00C04F79EFBC}") = "ClassAccessModifiers_v0", "tests\XUnit2Tests\ClassAccessModifiers_v0\ClassAccessModifiers_v0.csproj", "{2AE5C2D1-0756-43C5-BFC0-185E67702216}"
EndProject
Project("{FAE04EC0-301F-11D3-BF4B-00C04F79EFBC}") = "ClassAccessModifiers_v1", "tests\XUnit2Tests\ClassAccessModifiers_v1\ClassAccessModifiers_v1.csproj", "{EA7B76B3-5CAD-4A22-A4FC-66CDF4D350F8}"
EndProject
Project("{FAE04EC0-301F-11D3-BF4B-00C04F79EFBC}") = "Comments_v0", "tests\XUnit2Tests\Comments_v0\Comments_v0.csproj", "{4F4FECA6-D1F2-4A94-81A2-6BF9F4B087C9}"
EndProject
Project("{FAE04EC0-301F-11D3-BF4B-00C04F79EFBC}") = "Comments_v1", "tests\XUnit2Tests\Comments_v1\Comments_v1.csproj", "{8AC74666-2B5A-4B6B-8129-BCA66A42CAD0}"
EndProject
Project("{FAE04EC0-301F-11D3-BF4B-00C04F79EFBC}") = "Comments_v2", "tests\XUnit2Tests\Comments_v2\Comments_v2.csproj", "{9D231DFF-ADFC-4C0F-9173-BA943EF3C8C6}"
EndProject
Project("{FAE04EC0-301F-11D3-BF4B-00C04F79EFBC}") = "AssertExceptionThrown_v0", "tests\XUnit2Tests\AssertExceptionThrown_v0\AssertExceptionThrown_v0.csproj", "{29F9861F-0837-494E-A927-6FB3150D1302}"
EndProject
Project("{FAE04EC0-301F-11D3-BF4B-00C04F79EFBC}") = "ExtensionMethods_v0", "tests\XUnit2Tests\ExtensionMethods_v0\ExtensionMethods_v0.csproj", "{CA1A2327-1785-4B9C-9E15-A425A1921DE0}"
EndProject
Project("{FAE04EC0-301F-11D3-BF4B-00C04F79EFBC}") = "ExtensionMethods_v1", "tests\XUnit2Tests\ExtensionMethods_v1\ExtensionMethods_v1.csproj", "{4D7537C6-FC16-4468-A218-C57C5E2753B7}"
EndProject
Project("{FAE04EC0-301F-11D3-BF4B-00C04F79EFBC}") = "ExtensionMethods_v2", "tests\XUnit2Tests\ExtensionMethods_v2\ExtensionMethods_v2.csproj", "{1796817E-9771-47DC-A5A4-B8A6370A63DC}"
EndProject
Project("{FAE04EC0-301F-11D3-BF4B-00C04F79EFBC}") = "HideOriginallyDerived_v0", "tests\XUnit2Tests\HideOriginallyDerived_v0\HideOriginallyDerived_v0.csproj", "{A657404C-4F5B-4037-8504-6F8DF61F04C0}"
EndProject
Project("{FAE04EC0-301F-11D3-BF4B-00C04F79EFBC}") = "HideOriginallyDerived_v1", "tests\XUnit2Tests\HideOriginallyDerived_v1\HideOriginallyDerived_v1.csproj", "{0C64BA78-FBC6-46A9-80EA-746E907C1A1D}"
EndProject
Project("{FAE04EC0-301F-11D3-BF4B-00C04F79EFBC}") = "InheritanceOrder_v0", "tests\XUnit2Tests\InheritanceOrder_v0\InheritanceOrder_v0.csproj", "{A86DE7A7-1666-4986-9BEF-B9EE30357479}"
EndProject
Project("{FAE04EC0-301F-11D3-BF4B-00C04F79EFBC}") = "InheritanceOrder_v1", "tests\XUnit2Tests\InheritanceOrder_v1\InheritanceOrder_v1.csproj", "{B0FCAF4A-13CF-48B9-A4A3-82A838ED34DF}"
EndProject
Project("{FAE04EC0-301F-11D3-BF4B-00C04F79EFBC}") = "InstanceMethod_v0", "tests\XUnit2Tests\InstanceMethod_v0\InstanceMethod_v0.csproj", "{2E3DF5C2-8A38-4A03-86D7-8D463C917E47}"
EndProject
Project("{FAE04EC0-301F-11D3-BF4B-00C04F79EFBC}") = "InstanceMethod_v1", "tests\XUnit2Tests\InstanceMethod_v1\InstanceMethod_v1.csproj", "{CEF6A411-FC4C-4119-B21F-E50C1A1CDD3C}"
EndProject
Project("{FAE04EC0-301F-11D3-BF4B-00C04F79EFBC}") = "MethodOrder_v0", "tests\XUnit2Tests\MethodOrder_v0\MethodOrder_v0.csproj", "{FB217853-AD10-41F7-91CE-8EBD6094C223}"
EndProject
Project("{FAE04EC0-301F-11D3-BF4B-00C04F79EFBC}") = "MethodOrder_v1", "tests\XUnit2Tests\MethodOrder_v1\MethodOrder_v1.csproj", "{DE11A84B-BEC3-4F2E-9C66-ACBC039E0CCC}"
EndProject
Project("{FAE04EC0-301F-11D3-BF4B-00C04F79EFBC}") = "NestedClass_v0", "tests\XUnit2Tests\NestedClass_v0\NestedClass_v0.csproj", "{12CF0854-7C0A-484E-8B05-6F749BDB4E74}"
EndProject
Project("{FAE04EC0-301F-11D3-BF4B-00C04F79EFBC}") = "NestedClass_v1", "tests\XUnit2Tests\NestedClass_v1\NestedClass_v1.csproj", "{830CD110-A265-479E-A791-6B4FEF997EBB}"
EndProject
Project("{FAE04EC0-301F-11D3-BF4B-00C04F79EFBC}") = "StaticField_v0", "tests\XUnit2Tests\StaticField_v0\StaticField_v0.csproj", "{E11F5724-2C15-4249-9FFB-44804D5D7F93}"
EndProject
Project("{FAE04EC0-301F-11D3-BF4B-00C04F79EFBC}") = "StaticField_v1", "tests\XUnit2Tests\StaticField_v1\StaticField_v1.csproj", "{0BB42B15-A249-4E0B-AA01-5A450740E135}"
EndProject
Project("{FAE04EC0-301F-11D3-BF4B-00C04F79EFBC}") = "SuperclassAffected_v0", "tests\XUnit2Tests\SuperclassAffected_v0\SuperclassAffected_v0.csproj", "{0F1B73DB-9A37-4F53-9CE7-E882F37D6110}"
EndProject
Project("{FAE04EC0-301F-11D3-BF4B-00C04F79EFBC}") = "SuperclassAffected_v1", "tests\XUnit2Tests\SuperclassAffected_v1\SuperclassAffected_v1.csproj", "{3401D389-5E7D-44A1-94BD-890FFCD7E715}"
EndProject
Project("{FAE04EC0-301F-11D3-BF4B-00C04F79EFBC}") = "SwitchBlock_v0", "tests\XUnit2Tests\SwitchBlock_v0\SwitchBlock_v0.csproj", "{0AC72BF7-69D5-422C-8E99-7731A3C96129}"
EndProject
Project("{FAE04EC0-301F-11D3-BF4B-00C04F79EFBC}") = "SwitchBlock_v1", "tests\XUnit2Tests\SwitchBlock_v1\SwitchBlock_v1.csproj", "{FBB57B38-F210-4F04-B3D6-EB1B8078E1A8}"
EndProject
Project("{FAE04EC0-301F-11D3-BF4B-00C04F79EFBC}") = "VirtualConstructor_v0", "tests\XUnit2Tests\VirtualConstructor_v0\VirtualConstructor_v0.csproj", "{B333F239-872D-4A8E-AD78-DD056AF68B83}"
EndProject
Project("{2150E333-8FDC-42A3-9474-1A3956D46DE8}") = "XUnit1Tests", "XUnit1Tests", "{6DFA24C3-B875-4BF8-BE53-F82149B9B866}"
EndProject
Project("{FAE04EC0-301F-11D3-BF4B-00C04F79EFBC}") = "CatchBlock_v0", "tests\XUnit1Tests\CatchBlock_v0\CatchBlock_v0.csproj", "{280C5BFD-FB6C-4504-9CB9-43FDBEB64F62}"
EndProject
Project("{FAE04EC0-301F-11D3-BF4B-00C04F79EFBC}") = "CatchBlock_v1", "tests\XUnit1Tests\CatchBlock_v1\CatchBlock_v1.csproj", "{9D3D8A71-450D-48AB-A478-08CED69EA218}"
EndProject
Project("{2150E333-8FDC-42A3-9474-1A3956D46DE8}") = "NUnit2Tests", "NUnit2Tests", "{ED05BC55-435B-4678-8596-EE28D3380373}"
EndProject
Project("{2150E333-8FDC-42A3-9474-1A3956D46DE8}") = "NUnit3Tests", "NUnit3Tests", "{B68CB69D-5741-432C-8048-1604907FFF06}"
EndProject
Project("{FAE04EC0-301F-11D3-BF4B-00C04F79EFBC}") = "CatchBlock_v0", "tests\NUnit3Tests\CatchBlock_v0\CatchBlock_v0.csproj", "{7E405C06-511F-4741-968A-A0E4EA7EA681}"
EndProject
Project("{FAE04EC0-301F-11D3-BF4B-00C04F79EFBC}") = "CatchBlock_v1", "tests\NUnit3Tests\CatchBlock_v1\CatchBlock_v1.csproj", "{907C8A19-866D-45E6-B07F-B854C2A6896F}"
EndProject
Project("{FAE04EC0-301F-11D3-BF4B-00C04F79EFBC}") = "ClassAccessModifiers_v0", "tests\NUnit2Tests\ClassAccessModifiers_v0\ClassAccessModifiers_v0.csproj", "{9A4A3F5D-5CB8-4EA4-BA86-E3D275610822}"
EndProject
Project("{FAE04EC0-301F-11D3-BF4B-00C04F79EFBC}") = "ClassAccessModifiers_v1", "tests\NUnit2Tests\ClassAccessModifiers_v1\ClassAccessModifiers_v1.csproj", "{E65E5041-69B7-49F1-9E5C-A495D2EFAC2B}"
EndProject
Project("{FAE04EC0-301F-11D3-BF4B-00C04F79EFBC}") = "PartialClass_v0", "tests\XUnit2Tests\PartialClass_v0\PartialClass_v0.csproj", "{956CB153-A259-4049-ADB6-4241D0F69F67}"
EndProject
Project("{FAE04EC0-301F-11D3-BF4B-00C04F79EFBC}") = "PartialClass_v1", "tests\XUnit2Tests\PartialClass_v1\PartialClass_v1.csproj", "{53CD4262-DC88-4B5D-BB47-1FBD73682E06}"
EndProject
Project("{FAE04EC0-301F-11D3-BF4B-00C04F79EFBC}") = "SetUpTest", "tests\NUnit2Tests\SetUpTest\SetUpTest.csproj", "{63894DB9-C60A-4A3E-A504-182210B2792D}"
EndProject
Project("{FAE04EC0-301F-11D3-BF4B-00C04F79EFBC}") = "SetUpMethodTest", "tests\NUnit3Tests\SetUpMethodTest\SetUpMethodTest.csproj", "{0A7A854A-9EC9-4697-9711-5016A7C33727}"
EndProject
Project("{FAE04EC0-301F-11D3-BF4B-00C04F79EFBC}") = "NonPublicTestClass_v0", "tests\XUnit1Tests\NonPublicTestClass_v0\NonPublicTestClass_v0.csproj", "{9D22BFA1-42DF-4F9F-BE59-676D21A7F503}"
EndProject
Project("{FAE04EC0-301F-11D3-BF4B-00C04F79EFBC}") = "NonPublicTestClass_v0", "tests\XUnit2Tests\NonPublicTestClass_v0\NonPublicTestClass_v0.csproj", "{BB0D69F7-416A-44B2-AD96-C412B97AAEBC}"
EndProject
Project("{FAE04EC0-301F-11D3-BF4B-00C04F79EFBC}") = "FactInheritance_v0", "tests\XUnit2Tests\FactInheritance_v0\FactInheritance_v0.csproj", "{3B2F4BDD-8CBA-467C-86C4-78F619D2D8C8}"
EndProject
Project("{FAE04EC0-301F-11D3-BF4B-00C04F79EFBC}") = "Nesting_v0", "tests\XUnit2Tests\Nesting_v0\Nesting_v0.csproj", "{2D5D4659-DDB4-4690-9BA4-BA9B242BD6E3}"
EndProject
Project("{FAE04EC0-301F-11D3-BF4B-00C04F79EFBC}") = "Nesting_v1", "tests\XUnit2Tests\Nesting_v1\Nesting_v1.csproj", "{E64809FC-0F81-411A-A3B0-497ED512FEF0}"
EndProject
Project("{FAE04EC0-301F-11D3-BF4B-00C04F79EFBC}") = "BeforeAfterTestAttribute_v0", "tests\XUnit1Tests\BeforeAfterTestAttribute_v0\BeforeAfterTestAttribute_v0.csproj", "{F154F259-E24F-4069-8C34-20099D1E5454}"
EndProject
Project("{FAE04EC0-301F-11D3-BF4B-00C04F79EFBC}") = "TestClassChanged_v0", "tests\NUnit2Tests\TestClassChanged_v0\TestClassChanged_v0.csproj", "{3690B19F-C8C7-4B6F-B9B5-7B89B4D95C52}"
EndProject
Project("{FAE04EC0-301F-11D3-BF4B-00C04F79EFBC}") = "TestClassChanged_v1", "tests\NUnit2Tests\TestClassChanged_v1\TestClassChanged_v1.csproj", "{87B16AD8-52DD-4F66-B889-0CE78522ED3C}"
EndProject
Project("{FAE04EC0-301F-11D3-BF4B-00C04F79EFBC}") = "TestClassChanged_v0", "tests\XUnit2Tests\TestClassChanged_v0\TestClassChanged_v0.csproj", "{CFE596A5-90B9-4504-975F-2C485384ED5E}"
EndProject
Project("{FAE04EC0-301F-11D3-BF4B-00C04F79EFBC}") = "TestClassChanged_v1", "tests\XUnit2Tests\TestClassChanged_v1\TestClassChanged_v1.csproj", "{C90C81EE-06AC-4DAB-89BA-A76F6511DD7A}"
EndProject
Project("{FAE04EC0-301F-11D3-BF4B-00C04F79EFBC}") = "Nesting_v2", "tests\XUnit2Tests\Nesting_v2\Nesting_v2.csproj", "{7F3E5E28-64BC-4172-815F-A9A80D2F70B9}"
EndProject
Project("{FAE04EC0-301F-11D3-BF4B-00C04F79EFBC}") = "LongTestName_v0", "tests\XUnit2Tests\LongTestName_v0\LongTestName_v0.csproj", "{51E331F3-E167-4475-B46F-324A3818B3EA}"
EndProject
Project("{FAE04EC0-301F-11D3-BF4B-00C04F79EFBC}") = "LongTestName_v1", "tests\XUnit2Tests\LongTestName_v1\LongTestName_v1.csproj", "{5FFBE2A9-F2C6-40E6-BCE4-47E1D2F16FEB}"
EndProject
Project("{FAE04EC0-301F-11D3-BF4B-00C04F79EFBC}") = "MoreLinqStaticFieldAccessBug_v0", "tests\NUnit3Tests\MoreLinqStaticFieldAccessBug_v0\MoreLinqStaticFieldAccessBug_v0.csproj", "{1098B435-E2A2-4715-AAC3-C8DDBFC22B21}"
EndProject
Project("{FAE04EC0-301F-11D3-BF4B-00C04F79EFBC}") = "LambdasAndAnonymousTypes_v0", "tests\XUnit2Tests\LambdasAndAnonymousTypes_v0\LambdasAndAnonymousTypes_v0.csproj", "{81C4CA6C-DF4F-4838-B2DF-E0CFE37BFD0A}"
EndProject
Project("{FAE04EC0-301F-11D3-BF4B-00C04F79EFBC}") = "LambdasAndAnonymousTypes_v1", "tests\XUnit2Tests\LambdasAndAnonymousTypes_v1\LambdasAndAnonymousTypes_v1.csproj", "{50EA5971-1CD4-4513-8527-88F5ED0298CC}"
EndProject
Project("{FAE04EC0-301F-11D3-BF4B-00C04F79EFBC}") = "StaticMethod_v0", "tests\XUnit2Tests\StaticMethod_v0\StaticMethod_v0.csproj", "{97CF791A-0FC4-4F07-B8A5-11147A73E6F9}"
EndProject
Project("{FAE04EC0-301F-11D3-BF4B-00C04F79EFBC}") = "StaticMethod_v1", "tests\XUnit2Tests\StaticMethod_v1\StaticMethod_v1.csproj", "{19802F13-338A-4F0C-8C50-E5AC606CFE42}"
EndProject
Project("{FAE04EC0-301F-11D3-BF4B-00C04F79EFBC}") = "NestedTestClass_v0", "tests\XUnit2Tests\NestedTestClass_v0\NestedTestClass_v0.csproj", "{A3D78351-EA56-49BB-8DAB-AFB12ADA195B}"
EndProject
Project("{FAE04EC0-301F-11D3-BF4B-00C04F79EFBC}") = "TestClassInheritance_v0", "tests\XUnit2Tests\TestClassInheritance_v0\TestClassInheritance_v0.csproj", "{F9F0A4FB-DB9D-4D72-A306-E6E8A2A51B33}"
EndProject
Project("{FAE04EC0-301F-11D3-BF4B-00C04F79EFBC}") = "EkstaziSharp.Core", "EkstaziSharp.Core\EkstaziSharp.Core.csproj", "{04009238-55C1-40DF-814F-3166FDB67658}"
EndProject
Project("{FAE04EC0-301F-11D3-BF4B-00C04F79EFBC}") = "EkstaziSharp.DependencyMonitor", "EkstaziSharp.DependencyMonitor\EkstaziSharp.DependencyMonitor.csproj", "{D5F6EA8D-79E1-4EF5-BF67-9D0B3C561527}"
EndProject
Project("{FAE04EC0-301F-11D3-BF4B-00C04F79EFBC}") = "EkstaziSharp.Tester", "EkstaziSharp.Tester\EkstaziSharp.Tester.csproj", "{6E508F7C-AE0B-44EA-BD57-0C24329A6A6C}"
EndProject
Global
	GlobalSection(SolutionConfigurationPlatforms) = preSolution
		Analysis|Any CPU = Analysis|Any CPU
		Analysis|x86 = Analysis|x86
		Debug|Any CPU = Debug|Any CPU
		Debug|x86 = Debug|x86
		Release|Any CPU = Release|Any CPU
		Release|x86 = Release|x86
	EndGlobalSection
	GlobalSection(ProjectConfigurationPlatforms) = postSolution
		{F58632C1-046A-4CDF-8482-1E147DDC0B38}.Analysis|Any CPU.ActiveCfg = Release|Any CPU
		{F58632C1-046A-4CDF-8482-1E147DDC0B38}.Analysis|Any CPU.Build.0 = Release|Any CPU
		{F58632C1-046A-4CDF-8482-1E147DDC0B38}.Analysis|x86.ActiveCfg = Release|Any CPU
		{F58632C1-046A-4CDF-8482-1E147DDC0B38}.Analysis|x86.Build.0 = Release|Any CPU
		{F58632C1-046A-4CDF-8482-1E147DDC0B38}.Debug|Any CPU.ActiveCfg = Debug|Any CPU
		{F58632C1-046A-4CDF-8482-1E147DDC0B38}.Debug|Any CPU.Build.0 = Debug|Any CPU
		{F58632C1-046A-4CDF-8482-1E147DDC0B38}.Debug|x86.ActiveCfg = Debug|Any CPU
		{F58632C1-046A-4CDF-8482-1E147DDC0B38}.Debug|x86.Build.0 = Debug|Any CPU
		{F58632C1-046A-4CDF-8482-1E147DDC0B38}.Release|Any CPU.ActiveCfg = Release|Any CPU
		{F58632C1-046A-4CDF-8482-1E147DDC0B38}.Release|Any CPU.Build.0 = Release|Any CPU
		{F58632C1-046A-4CDF-8482-1E147DDC0B38}.Release|x86.ActiveCfg = Release|Any CPU
		{F58632C1-046A-4CDF-8482-1E147DDC0B38}.Release|x86.Build.0 = Release|Any CPU
		{2BCC0772-CF55-4F3F-B33F-BF2FEC9E5C10}.Analysis|Any CPU.ActiveCfg = Release|Any CPU
		{2BCC0772-CF55-4F3F-B33F-BF2FEC9E5C10}.Analysis|Any CPU.Build.0 = Release|Any CPU
		{2BCC0772-CF55-4F3F-B33F-BF2FEC9E5C10}.Analysis|x86.ActiveCfg = Release|Any CPU
		{2BCC0772-CF55-4F3F-B33F-BF2FEC9E5C10}.Analysis|x86.Build.0 = Release|Any CPU
		{2BCC0772-CF55-4F3F-B33F-BF2FEC9E5C10}.Debug|Any CPU.ActiveCfg = Debug|Any CPU
		{2BCC0772-CF55-4F3F-B33F-BF2FEC9E5C10}.Debug|Any CPU.Build.0 = Debug|Any CPU
		{2BCC0772-CF55-4F3F-B33F-BF2FEC9E5C10}.Debug|x86.ActiveCfg = Debug|Any CPU
		{2BCC0772-CF55-4F3F-B33F-BF2FEC9E5C10}.Debug|x86.Build.0 = Debug|Any CPU
		{2BCC0772-CF55-4F3F-B33F-BF2FEC9E5C10}.Release|Any CPU.ActiveCfg = Release|Any CPU
		{2BCC0772-CF55-4F3F-B33F-BF2FEC9E5C10}.Release|Any CPU.Build.0 = Release|Any CPU
		{2BCC0772-CF55-4F3F-B33F-BF2FEC9E5C10}.Release|x86.ActiveCfg = Release|Any CPU
		{2BCC0772-CF55-4F3F-B33F-BF2FEC9E5C10}.Release|x86.Build.0 = Release|Any CPU
		{EC5ADA38-3ED5-4A42-84FD-DB9245259A50}.Analysis|Any CPU.ActiveCfg = Release|Any CPU
		{EC5ADA38-3ED5-4A42-84FD-DB9245259A50}.Analysis|Any CPU.Build.0 = Release|Any CPU
		{EC5ADA38-3ED5-4A42-84FD-DB9245259A50}.Analysis|x86.ActiveCfg = Release|Any CPU
		{EC5ADA38-3ED5-4A42-84FD-DB9245259A50}.Analysis|x86.Build.0 = Release|Any CPU
		{EC5ADA38-3ED5-4A42-84FD-DB9245259A50}.Debug|Any CPU.ActiveCfg = Debug|Any CPU
		{EC5ADA38-3ED5-4A42-84FD-DB9245259A50}.Debug|Any CPU.Build.0 = Debug|Any CPU
		{EC5ADA38-3ED5-4A42-84FD-DB9245259A50}.Debug|x86.ActiveCfg = Debug|Any CPU
		{EC5ADA38-3ED5-4A42-84FD-DB9245259A50}.Debug|x86.Build.0 = Debug|Any CPU
		{EC5ADA38-3ED5-4A42-84FD-DB9245259A50}.Release|Any CPU.ActiveCfg = Release|Any CPU
		{EC5ADA38-3ED5-4A42-84FD-DB9245259A50}.Release|Any CPU.Build.0 = Release|Any CPU
		{EC5ADA38-3ED5-4A42-84FD-DB9245259A50}.Release|x86.ActiveCfg = Release|Any CPU
		{EC5ADA38-3ED5-4A42-84FD-DB9245259A50}.Release|x86.Build.0 = Release|Any CPU
		{F55F1519-31A1-4C51-874D-CBB2399F07DA}.Analysis|Any CPU.ActiveCfg = Release|Any CPU
		{F55F1519-31A1-4C51-874D-CBB2399F07DA}.Analysis|Any CPU.Build.0 = Release|Any CPU
		{F55F1519-31A1-4C51-874D-CBB2399F07DA}.Analysis|x86.ActiveCfg = Release|Any CPU
		{F55F1519-31A1-4C51-874D-CBB2399F07DA}.Analysis|x86.Build.0 = Release|Any CPU
		{F55F1519-31A1-4C51-874D-CBB2399F07DA}.Debug|Any CPU.ActiveCfg = Debug|Any CPU
		{F55F1519-31A1-4C51-874D-CBB2399F07DA}.Debug|Any CPU.Build.0 = Debug|Any CPU
		{F55F1519-31A1-4C51-874D-CBB2399F07DA}.Debug|x86.ActiveCfg = Debug|Any CPU
		{F55F1519-31A1-4C51-874D-CBB2399F07DA}.Debug|x86.Build.0 = Debug|Any CPU
		{F55F1519-31A1-4C51-874D-CBB2399F07DA}.Release|Any CPU.ActiveCfg = Release|Any CPU
		{F55F1519-31A1-4C51-874D-CBB2399F07DA}.Release|Any CPU.Build.0 = Release|Any CPU
		{F55F1519-31A1-4C51-874D-CBB2399F07DA}.Release|x86.ActiveCfg = Release|Any CPU
		{F55F1519-31A1-4C51-874D-CBB2399F07DA}.Release|x86.Build.0 = Release|Any CPU
		{DD5592EC-BAD2-4332-A10F-7F94D2C9905F}.Analysis|Any CPU.ActiveCfg = Release|Any CPU
		{DD5592EC-BAD2-4332-A10F-7F94D2C9905F}.Analysis|Any CPU.Build.0 = Release|Any CPU
		{DD5592EC-BAD2-4332-A10F-7F94D2C9905F}.Analysis|x86.ActiveCfg = Release|Any CPU
		{DD5592EC-BAD2-4332-A10F-7F94D2C9905F}.Analysis|x86.Build.0 = Release|Any CPU
		{DD5592EC-BAD2-4332-A10F-7F94D2C9905F}.Debug|Any CPU.ActiveCfg = Debug|Any CPU
		{DD5592EC-BAD2-4332-A10F-7F94D2C9905F}.Debug|Any CPU.Build.0 = Debug|Any CPU
		{DD5592EC-BAD2-4332-A10F-7F94D2C9905F}.Debug|x86.ActiveCfg = Debug|Any CPU
		{DD5592EC-BAD2-4332-A10F-7F94D2C9905F}.Debug|x86.Build.0 = Debug|Any CPU
		{DD5592EC-BAD2-4332-A10F-7F94D2C9905F}.Release|Any CPU.ActiveCfg = Release|Any CPU
		{DD5592EC-BAD2-4332-A10F-7F94D2C9905F}.Release|Any CPU.Build.0 = Release|Any CPU
		{DD5592EC-BAD2-4332-A10F-7F94D2C9905F}.Release|x86.ActiveCfg = Release|Any CPU
		{DD5592EC-BAD2-4332-A10F-7F94D2C9905F}.Release|x86.Build.0 = Release|Any CPU
		{968AC5CE-657B-475F-A6A8-5CB75B9F4C5A}.Analysis|Any CPU.ActiveCfg = Release|Any CPU
		{968AC5CE-657B-475F-A6A8-5CB75B9F4C5A}.Analysis|Any CPU.Build.0 = Release|Any CPU
		{968AC5CE-657B-475F-A6A8-5CB75B9F4C5A}.Analysis|x86.ActiveCfg = Release|Any CPU
		{968AC5CE-657B-475F-A6A8-5CB75B9F4C5A}.Analysis|x86.Build.0 = Release|Any CPU
		{968AC5CE-657B-475F-A6A8-5CB75B9F4C5A}.Debug|Any CPU.ActiveCfg = Debug|Any CPU
		{968AC5CE-657B-475F-A6A8-5CB75B9F4C5A}.Debug|Any CPU.Build.0 = Debug|Any CPU
		{968AC5CE-657B-475F-A6A8-5CB75B9F4C5A}.Debug|x86.ActiveCfg = Debug|Any CPU
		{968AC5CE-657B-475F-A6A8-5CB75B9F4C5A}.Debug|x86.Build.0 = Debug|Any CPU
		{968AC5CE-657B-475F-A6A8-5CB75B9F4C5A}.Release|Any CPU.ActiveCfg = Release|Any CPU
		{968AC5CE-657B-475F-A6A8-5CB75B9F4C5A}.Release|Any CPU.Build.0 = Release|Any CPU
		{968AC5CE-657B-475F-A6A8-5CB75B9F4C5A}.Release|x86.ActiveCfg = Release|Any CPU
		{968AC5CE-657B-475F-A6A8-5CB75B9F4C5A}.Release|x86.Build.0 = Release|Any CPU
		{877098D0-4A34-43D4-8FE7-12997348EE46}.Analysis|Any CPU.ActiveCfg = Release|Any CPU
		{877098D0-4A34-43D4-8FE7-12997348EE46}.Analysis|Any CPU.Build.0 = Release|Any CPU
		{877098D0-4A34-43D4-8FE7-12997348EE46}.Analysis|x86.ActiveCfg = Release|Any CPU
		{877098D0-4A34-43D4-8FE7-12997348EE46}.Analysis|x86.Build.0 = Release|Any CPU
		{877098D0-4A34-43D4-8FE7-12997348EE46}.Debug|Any CPU.ActiveCfg = Debug|Any CPU
		{877098D0-4A34-43D4-8FE7-12997348EE46}.Debug|Any CPU.Build.0 = Debug|Any CPU
		{877098D0-4A34-43D4-8FE7-12997348EE46}.Debug|x86.ActiveCfg = Debug|Any CPU
		{877098D0-4A34-43D4-8FE7-12997348EE46}.Debug|x86.Build.0 = Debug|Any CPU
		{877098D0-4A34-43D4-8FE7-12997348EE46}.Release|Any CPU.ActiveCfg = Release|Any CPU
		{877098D0-4A34-43D4-8FE7-12997348EE46}.Release|Any CPU.Build.0 = Release|Any CPU
		{877098D0-4A34-43D4-8FE7-12997348EE46}.Release|x86.ActiveCfg = Release|Any CPU
		{877098D0-4A34-43D4-8FE7-12997348EE46}.Release|x86.Build.0 = Release|Any CPU
		{2AE5C2D1-0756-43C5-BFC0-185E67702216}.Analysis|Any CPU.ActiveCfg = Release|Any CPU
		{2AE5C2D1-0756-43C5-BFC0-185E67702216}.Analysis|Any CPU.Build.0 = Release|Any CPU
		{2AE5C2D1-0756-43C5-BFC0-185E67702216}.Analysis|x86.ActiveCfg = Release|Any CPU
		{2AE5C2D1-0756-43C5-BFC0-185E67702216}.Analysis|x86.Build.0 = Release|Any CPU
		{2AE5C2D1-0756-43C5-BFC0-185E67702216}.Debug|Any CPU.ActiveCfg = Debug|Any CPU
		{2AE5C2D1-0756-43C5-BFC0-185E67702216}.Debug|Any CPU.Build.0 = Debug|Any CPU
		{2AE5C2D1-0756-43C5-BFC0-185E67702216}.Debug|x86.ActiveCfg = Debug|Any CPU
		{2AE5C2D1-0756-43C5-BFC0-185E67702216}.Debug|x86.Build.0 = Debug|Any CPU
		{2AE5C2D1-0756-43C5-BFC0-185E67702216}.Release|Any CPU.ActiveCfg = Release|Any CPU
		{2AE5C2D1-0756-43C5-BFC0-185E67702216}.Release|Any CPU.Build.0 = Release|Any CPU
		{2AE5C2D1-0756-43C5-BFC0-185E67702216}.Release|x86.ActiveCfg = Release|Any CPU
		{2AE5C2D1-0756-43C5-BFC0-185E67702216}.Release|x86.Build.0 = Release|Any CPU
		{EA7B76B3-5CAD-4A22-A4FC-66CDF4D350F8}.Analysis|Any CPU.ActiveCfg = Release|Any CPU
		{EA7B76B3-5CAD-4A22-A4FC-66CDF4D350F8}.Analysis|Any CPU.Build.0 = Release|Any CPU
		{EA7B76B3-5CAD-4A22-A4FC-66CDF4D350F8}.Analysis|x86.ActiveCfg = Release|Any CPU
		{EA7B76B3-5CAD-4A22-A4FC-66CDF4D350F8}.Analysis|x86.Build.0 = Release|Any CPU
		{EA7B76B3-5CAD-4A22-A4FC-66CDF4D350F8}.Debug|Any CPU.ActiveCfg = Debug|Any CPU
		{EA7B76B3-5CAD-4A22-A4FC-66CDF4D350F8}.Debug|Any CPU.Build.0 = Debug|Any CPU
		{EA7B76B3-5CAD-4A22-A4FC-66CDF4D350F8}.Debug|x86.ActiveCfg = Debug|Any CPU
		{EA7B76B3-5CAD-4A22-A4FC-66CDF4D350F8}.Debug|x86.Build.0 = Debug|Any CPU
		{EA7B76B3-5CAD-4A22-A4FC-66CDF4D350F8}.Release|Any CPU.ActiveCfg = Release|Any CPU
		{EA7B76B3-5CAD-4A22-A4FC-66CDF4D350F8}.Release|Any CPU.Build.0 = Release|Any CPU
		{EA7B76B3-5CAD-4A22-A4FC-66CDF4D350F8}.Release|x86.ActiveCfg = Release|Any CPU
		{EA7B76B3-5CAD-4A22-A4FC-66CDF4D350F8}.Release|x86.Build.0 = Release|Any CPU
		{4F4FECA6-D1F2-4A94-81A2-6BF9F4B087C9}.Analysis|Any CPU.ActiveCfg = Release|Any CPU
		{4F4FECA6-D1F2-4A94-81A2-6BF9F4B087C9}.Analysis|Any CPU.Build.0 = Release|Any CPU
		{4F4FECA6-D1F2-4A94-81A2-6BF9F4B087C9}.Analysis|x86.ActiveCfg = Release|Any CPU
		{4F4FECA6-D1F2-4A94-81A2-6BF9F4B087C9}.Analysis|x86.Build.0 = Release|Any CPU
		{4F4FECA6-D1F2-4A94-81A2-6BF9F4B087C9}.Debug|Any CPU.ActiveCfg = Debug|Any CPU
		{4F4FECA6-D1F2-4A94-81A2-6BF9F4B087C9}.Debug|Any CPU.Build.0 = Debug|Any CPU
		{4F4FECA6-D1F2-4A94-81A2-6BF9F4B087C9}.Debug|x86.ActiveCfg = Debug|Any CPU
		{4F4FECA6-D1F2-4A94-81A2-6BF9F4B087C9}.Debug|x86.Build.0 = Debug|Any CPU
		{4F4FECA6-D1F2-4A94-81A2-6BF9F4B087C9}.Release|Any CPU.ActiveCfg = Release|Any CPU
		{4F4FECA6-D1F2-4A94-81A2-6BF9F4B087C9}.Release|Any CPU.Build.0 = Release|Any CPU
		{4F4FECA6-D1F2-4A94-81A2-6BF9F4B087C9}.Release|x86.ActiveCfg = Release|Any CPU
		{4F4FECA6-D1F2-4A94-81A2-6BF9F4B087C9}.Release|x86.Build.0 = Release|Any CPU
		{8AC74666-2B5A-4B6B-8129-BCA66A42CAD0}.Analysis|Any CPU.ActiveCfg = Release|Any CPU
		{8AC74666-2B5A-4B6B-8129-BCA66A42CAD0}.Analysis|Any CPU.Build.0 = Release|Any CPU
		{8AC74666-2B5A-4B6B-8129-BCA66A42CAD0}.Analysis|x86.ActiveCfg = Release|Any CPU
		{8AC74666-2B5A-4B6B-8129-BCA66A42CAD0}.Analysis|x86.Build.0 = Release|Any CPU
		{8AC74666-2B5A-4B6B-8129-BCA66A42CAD0}.Debug|Any CPU.ActiveCfg = Debug|Any CPU
		{8AC74666-2B5A-4B6B-8129-BCA66A42CAD0}.Debug|Any CPU.Build.0 = Debug|Any CPU
		{8AC74666-2B5A-4B6B-8129-BCA66A42CAD0}.Debug|x86.ActiveCfg = Debug|Any CPU
		{8AC74666-2B5A-4B6B-8129-BCA66A42CAD0}.Debug|x86.Build.0 = Debug|Any CPU
		{8AC74666-2B5A-4B6B-8129-BCA66A42CAD0}.Release|Any CPU.ActiveCfg = Release|Any CPU
		{8AC74666-2B5A-4B6B-8129-BCA66A42CAD0}.Release|Any CPU.Build.0 = Release|Any CPU
		{8AC74666-2B5A-4B6B-8129-BCA66A42CAD0}.Release|x86.ActiveCfg = Release|Any CPU
		{8AC74666-2B5A-4B6B-8129-BCA66A42CAD0}.Release|x86.Build.0 = Release|Any CPU
		{9D231DFF-ADFC-4C0F-9173-BA943EF3C8C6}.Analysis|Any CPU.ActiveCfg = Release|Any CPU
		{9D231DFF-ADFC-4C0F-9173-BA943EF3C8C6}.Analysis|Any CPU.Build.0 = Release|Any CPU
		{9D231DFF-ADFC-4C0F-9173-BA943EF3C8C6}.Analysis|x86.ActiveCfg = Release|Any CPU
		{9D231DFF-ADFC-4C0F-9173-BA943EF3C8C6}.Analysis|x86.Build.0 = Release|Any CPU
		{9D231DFF-ADFC-4C0F-9173-BA943EF3C8C6}.Debug|Any CPU.ActiveCfg = Debug|Any CPU
		{9D231DFF-ADFC-4C0F-9173-BA943EF3C8C6}.Debug|Any CPU.Build.0 = Debug|Any CPU
		{9D231DFF-ADFC-4C0F-9173-BA943EF3C8C6}.Debug|x86.ActiveCfg = Debug|Any CPU
		{9D231DFF-ADFC-4C0F-9173-BA943EF3C8C6}.Debug|x86.Build.0 = Debug|Any CPU
		{9D231DFF-ADFC-4C0F-9173-BA943EF3C8C6}.Release|Any CPU.ActiveCfg = Release|Any CPU
		{9D231DFF-ADFC-4C0F-9173-BA943EF3C8C6}.Release|Any CPU.Build.0 = Release|Any CPU
		{9D231DFF-ADFC-4C0F-9173-BA943EF3C8C6}.Release|x86.ActiveCfg = Release|Any CPU
		{9D231DFF-ADFC-4C0F-9173-BA943EF3C8C6}.Release|x86.Build.0 = Release|Any CPU
		{29F9861F-0837-494E-A927-6FB3150D1302}.Analysis|Any CPU.ActiveCfg = Release|Any CPU
		{29F9861F-0837-494E-A927-6FB3150D1302}.Analysis|Any CPU.Build.0 = Release|Any CPU
		{29F9861F-0837-494E-A927-6FB3150D1302}.Analysis|x86.ActiveCfg = Release|Any CPU
		{29F9861F-0837-494E-A927-6FB3150D1302}.Analysis|x86.Build.0 = Release|Any CPU
		{29F9861F-0837-494E-A927-6FB3150D1302}.Debug|Any CPU.ActiveCfg = Debug|Any CPU
		{29F9861F-0837-494E-A927-6FB3150D1302}.Debug|Any CPU.Build.0 = Debug|Any CPU
		{29F9861F-0837-494E-A927-6FB3150D1302}.Debug|x86.ActiveCfg = Debug|Any CPU
		{29F9861F-0837-494E-A927-6FB3150D1302}.Debug|x86.Build.0 = Debug|Any CPU
		{29F9861F-0837-494E-A927-6FB3150D1302}.Release|Any CPU.ActiveCfg = Release|Any CPU
		{29F9861F-0837-494E-A927-6FB3150D1302}.Release|Any CPU.Build.0 = Release|Any CPU
		{29F9861F-0837-494E-A927-6FB3150D1302}.Release|x86.ActiveCfg = Release|Any CPU
		{29F9861F-0837-494E-A927-6FB3150D1302}.Release|x86.Build.0 = Release|Any CPU
		{CA1A2327-1785-4B9C-9E15-A425A1921DE0}.Analysis|Any CPU.ActiveCfg = Release|Any CPU
		{CA1A2327-1785-4B9C-9E15-A425A1921DE0}.Analysis|Any CPU.Build.0 = Release|Any CPU
		{CA1A2327-1785-4B9C-9E15-A425A1921DE0}.Analysis|x86.ActiveCfg = Release|Any CPU
		{CA1A2327-1785-4B9C-9E15-A425A1921DE0}.Analysis|x86.Build.0 = Release|Any CPU
		{CA1A2327-1785-4B9C-9E15-A425A1921DE0}.Debug|Any CPU.ActiveCfg = Debug|Any CPU
		{CA1A2327-1785-4B9C-9E15-A425A1921DE0}.Debug|Any CPU.Build.0 = Debug|Any CPU
		{CA1A2327-1785-4B9C-9E15-A425A1921DE0}.Debug|x86.ActiveCfg = Debug|Any CPU
		{CA1A2327-1785-4B9C-9E15-A425A1921DE0}.Debug|x86.Build.0 = Debug|Any CPU
		{CA1A2327-1785-4B9C-9E15-A425A1921DE0}.Release|Any CPU.ActiveCfg = Release|Any CPU
		{CA1A2327-1785-4B9C-9E15-A425A1921DE0}.Release|Any CPU.Build.0 = Release|Any CPU
		{CA1A2327-1785-4B9C-9E15-A425A1921DE0}.Release|x86.ActiveCfg = Release|Any CPU
		{CA1A2327-1785-4B9C-9E15-A425A1921DE0}.Release|x86.Build.0 = Release|Any CPU
		{4D7537C6-FC16-4468-A218-C57C5E2753B7}.Analysis|Any CPU.ActiveCfg = Release|Any CPU
		{4D7537C6-FC16-4468-A218-C57C5E2753B7}.Analysis|Any CPU.Build.0 = Release|Any CPU
		{4D7537C6-FC16-4468-A218-C57C5E2753B7}.Analysis|x86.ActiveCfg = Release|Any CPU
		{4D7537C6-FC16-4468-A218-C57C5E2753B7}.Analysis|x86.Build.0 = Release|Any CPU
		{4D7537C6-FC16-4468-A218-C57C5E2753B7}.Debug|Any CPU.ActiveCfg = Debug|Any CPU
		{4D7537C6-FC16-4468-A218-C57C5E2753B7}.Debug|Any CPU.Build.0 = Debug|Any CPU
		{4D7537C6-FC16-4468-A218-C57C5E2753B7}.Debug|x86.ActiveCfg = Debug|Any CPU
		{4D7537C6-FC16-4468-A218-C57C5E2753B7}.Debug|x86.Build.0 = Debug|Any CPU
		{4D7537C6-FC16-4468-A218-C57C5E2753B7}.Release|Any CPU.ActiveCfg = Release|Any CPU
		{4D7537C6-FC16-4468-A218-C57C5E2753B7}.Release|Any CPU.Build.0 = Release|Any CPU
		{4D7537C6-FC16-4468-A218-C57C5E2753B7}.Release|x86.ActiveCfg = Release|Any CPU
		{4D7537C6-FC16-4468-A218-C57C5E2753B7}.Release|x86.Build.0 = Release|Any CPU
		{1796817E-9771-47DC-A5A4-B8A6370A63DC}.Analysis|Any CPU.ActiveCfg = Release|Any CPU
		{1796817E-9771-47DC-A5A4-B8A6370A63DC}.Analysis|Any CPU.Build.0 = Release|Any CPU
		{1796817E-9771-47DC-A5A4-B8A6370A63DC}.Analysis|x86.ActiveCfg = Release|Any CPU
		{1796817E-9771-47DC-A5A4-B8A6370A63DC}.Analysis|x86.Build.0 = Release|Any CPU
		{1796817E-9771-47DC-A5A4-B8A6370A63DC}.Debug|Any CPU.ActiveCfg = Debug|Any CPU
		{1796817E-9771-47DC-A5A4-B8A6370A63DC}.Debug|Any CPU.Build.0 = Debug|Any CPU
		{1796817E-9771-47DC-A5A4-B8A6370A63DC}.Debug|x86.ActiveCfg = Debug|Any CPU
		{1796817E-9771-47DC-A5A4-B8A6370A63DC}.Debug|x86.Build.0 = Debug|Any CPU
		{1796817E-9771-47DC-A5A4-B8A6370A63DC}.Release|Any CPU.ActiveCfg = Release|Any CPU
		{1796817E-9771-47DC-A5A4-B8A6370A63DC}.Release|Any CPU.Build.0 = Release|Any CPU
		{1796817E-9771-47DC-A5A4-B8A6370A63DC}.Release|x86.ActiveCfg = Release|Any CPU
		{1796817E-9771-47DC-A5A4-B8A6370A63DC}.Release|x86.Build.0 = Release|Any CPU
		{A657404C-4F5B-4037-8504-6F8DF61F04C0}.Analysis|Any CPU.ActiveCfg = Release|Any CPU
		{A657404C-4F5B-4037-8504-6F8DF61F04C0}.Analysis|Any CPU.Build.0 = Release|Any CPU
		{A657404C-4F5B-4037-8504-6F8DF61F04C0}.Analysis|x86.ActiveCfg = Release|Any CPU
		{A657404C-4F5B-4037-8504-6F8DF61F04C0}.Analysis|x86.Build.0 = Release|Any CPU
		{A657404C-4F5B-4037-8504-6F8DF61F04C0}.Debug|Any CPU.ActiveCfg = Debug|Any CPU
		{A657404C-4F5B-4037-8504-6F8DF61F04C0}.Debug|Any CPU.Build.0 = Debug|Any CPU
		{A657404C-4F5B-4037-8504-6F8DF61F04C0}.Debug|x86.ActiveCfg = Debug|Any CPU
		{A657404C-4F5B-4037-8504-6F8DF61F04C0}.Debug|x86.Build.0 = Debug|Any CPU
		{A657404C-4F5B-4037-8504-6F8DF61F04C0}.Release|Any CPU.ActiveCfg = Release|Any CPU
		{A657404C-4F5B-4037-8504-6F8DF61F04C0}.Release|Any CPU.Build.0 = Release|Any CPU
		{A657404C-4F5B-4037-8504-6F8DF61F04C0}.Release|x86.ActiveCfg = Release|Any CPU
		{A657404C-4F5B-4037-8504-6F8DF61F04C0}.Release|x86.Build.0 = Release|Any CPU
		{0C64BA78-FBC6-46A9-80EA-746E907C1A1D}.Analysis|Any CPU.ActiveCfg = Release|Any CPU
		{0C64BA78-FBC6-46A9-80EA-746E907C1A1D}.Analysis|Any CPU.Build.0 = Release|Any CPU
		{0C64BA78-FBC6-46A9-80EA-746E907C1A1D}.Analysis|x86.ActiveCfg = Release|Any CPU
		{0C64BA78-FBC6-46A9-80EA-746E907C1A1D}.Analysis|x86.Build.0 = Release|Any CPU
		{0C64BA78-FBC6-46A9-80EA-746E907C1A1D}.Debug|Any CPU.ActiveCfg = Debug|Any CPU
		{0C64BA78-FBC6-46A9-80EA-746E907C1A1D}.Debug|Any CPU.Build.0 = Debug|Any CPU
		{0C64BA78-FBC6-46A9-80EA-746E907C1A1D}.Debug|x86.ActiveCfg = Debug|Any CPU
		{0C64BA78-FBC6-46A9-80EA-746E907C1A1D}.Debug|x86.Build.0 = Debug|Any CPU
		{0C64BA78-FBC6-46A9-80EA-746E907C1A1D}.Release|Any CPU.ActiveCfg = Release|Any CPU
		{0C64BA78-FBC6-46A9-80EA-746E907C1A1D}.Release|Any CPU.Build.0 = Release|Any CPU
		{0C64BA78-FBC6-46A9-80EA-746E907C1A1D}.Release|x86.ActiveCfg = Release|Any CPU
		{0C64BA78-FBC6-46A9-80EA-746E907C1A1D}.Release|x86.Build.0 = Release|Any CPU
		{A86DE7A7-1666-4986-9BEF-B9EE30357479}.Analysis|Any CPU.ActiveCfg = Release|Any CPU
		{A86DE7A7-1666-4986-9BEF-B9EE30357479}.Analysis|Any CPU.Build.0 = Release|Any CPU
		{A86DE7A7-1666-4986-9BEF-B9EE30357479}.Analysis|x86.ActiveCfg = Release|Any CPU
		{A86DE7A7-1666-4986-9BEF-B9EE30357479}.Analysis|x86.Build.0 = Release|Any CPU
		{A86DE7A7-1666-4986-9BEF-B9EE30357479}.Debug|Any CPU.ActiveCfg = Debug|Any CPU
		{A86DE7A7-1666-4986-9BEF-B9EE30357479}.Debug|Any CPU.Build.0 = Debug|Any CPU
		{A86DE7A7-1666-4986-9BEF-B9EE30357479}.Debug|x86.ActiveCfg = Debug|Any CPU
		{A86DE7A7-1666-4986-9BEF-B9EE30357479}.Debug|x86.Build.0 = Debug|Any CPU
		{A86DE7A7-1666-4986-9BEF-B9EE30357479}.Release|Any CPU.ActiveCfg = Release|Any CPU
		{A86DE7A7-1666-4986-9BEF-B9EE30357479}.Release|Any CPU.Build.0 = Release|Any CPU
		{A86DE7A7-1666-4986-9BEF-B9EE30357479}.Release|x86.ActiveCfg = Release|Any CPU
		{A86DE7A7-1666-4986-9BEF-B9EE30357479}.Release|x86.Build.0 = Release|Any CPU
		{B0FCAF4A-13CF-48B9-A4A3-82A838ED34DF}.Analysis|Any CPU.ActiveCfg = Release|Any CPU
		{B0FCAF4A-13CF-48B9-A4A3-82A838ED34DF}.Analysis|Any CPU.Build.0 = Release|Any CPU
		{B0FCAF4A-13CF-48B9-A4A3-82A838ED34DF}.Analysis|x86.ActiveCfg = Release|Any CPU
		{B0FCAF4A-13CF-48B9-A4A3-82A838ED34DF}.Analysis|x86.Build.0 = Release|Any CPU
		{B0FCAF4A-13CF-48B9-A4A3-82A838ED34DF}.Debug|Any CPU.ActiveCfg = Debug|Any CPU
		{B0FCAF4A-13CF-48B9-A4A3-82A838ED34DF}.Debug|Any CPU.Build.0 = Debug|Any CPU
		{B0FCAF4A-13CF-48B9-A4A3-82A838ED34DF}.Debug|x86.ActiveCfg = Debug|Any CPU
		{B0FCAF4A-13CF-48B9-A4A3-82A838ED34DF}.Debug|x86.Build.0 = Debug|Any CPU
		{B0FCAF4A-13CF-48B9-A4A3-82A838ED34DF}.Release|Any CPU.ActiveCfg = Release|Any CPU
		{B0FCAF4A-13CF-48B9-A4A3-82A838ED34DF}.Release|Any CPU.Build.0 = Release|Any CPU
		{B0FCAF4A-13CF-48B9-A4A3-82A838ED34DF}.Release|x86.ActiveCfg = Release|Any CPU
		{B0FCAF4A-13CF-48B9-A4A3-82A838ED34DF}.Release|x86.Build.0 = Release|Any CPU
		{2E3DF5C2-8A38-4A03-86D7-8D463C917E47}.Analysis|Any CPU.ActiveCfg = Release|Any CPU
		{2E3DF5C2-8A38-4A03-86D7-8D463C917E47}.Analysis|Any CPU.Build.0 = Release|Any CPU
		{2E3DF5C2-8A38-4A03-86D7-8D463C917E47}.Analysis|x86.ActiveCfg = Release|Any CPU
		{2E3DF5C2-8A38-4A03-86D7-8D463C917E47}.Analysis|x86.Build.0 = Release|Any CPU
		{2E3DF5C2-8A38-4A03-86D7-8D463C917E47}.Debug|Any CPU.ActiveCfg = Debug|Any CPU
		{2E3DF5C2-8A38-4A03-86D7-8D463C917E47}.Debug|Any CPU.Build.0 = Debug|Any CPU
		{2E3DF5C2-8A38-4A03-86D7-8D463C917E47}.Debug|x86.ActiveCfg = Debug|Any CPU
		{2E3DF5C2-8A38-4A03-86D7-8D463C917E47}.Debug|x86.Build.0 = Debug|Any CPU
		{2E3DF5C2-8A38-4A03-86D7-8D463C917E47}.Release|Any CPU.ActiveCfg = Release|Any CPU
		{2E3DF5C2-8A38-4A03-86D7-8D463C917E47}.Release|Any CPU.Build.0 = Release|Any CPU
		{2E3DF5C2-8A38-4A03-86D7-8D463C917E47}.Release|x86.ActiveCfg = Release|Any CPU
		{2E3DF5C2-8A38-4A03-86D7-8D463C917E47}.Release|x86.Build.0 = Release|Any CPU
		{CEF6A411-FC4C-4119-B21F-E50C1A1CDD3C}.Analysis|Any CPU.ActiveCfg = Release|Any CPU
		{CEF6A411-FC4C-4119-B21F-E50C1A1CDD3C}.Analysis|Any CPU.Build.0 = Release|Any CPU
		{CEF6A411-FC4C-4119-B21F-E50C1A1CDD3C}.Analysis|x86.ActiveCfg = Release|Any CPU
		{CEF6A411-FC4C-4119-B21F-E50C1A1CDD3C}.Analysis|x86.Build.0 = Release|Any CPU
		{CEF6A411-FC4C-4119-B21F-E50C1A1CDD3C}.Debug|Any CPU.ActiveCfg = Debug|Any CPU
		{CEF6A411-FC4C-4119-B21F-E50C1A1CDD3C}.Debug|Any CPU.Build.0 = Debug|Any CPU
		{CEF6A411-FC4C-4119-B21F-E50C1A1CDD3C}.Debug|x86.ActiveCfg = Debug|Any CPU
		{CEF6A411-FC4C-4119-B21F-E50C1A1CDD3C}.Debug|x86.Build.0 = Debug|Any CPU
		{CEF6A411-FC4C-4119-B21F-E50C1A1CDD3C}.Release|Any CPU.ActiveCfg = Release|Any CPU
		{CEF6A411-FC4C-4119-B21F-E50C1A1CDD3C}.Release|Any CPU.Build.0 = Release|Any CPU
		{CEF6A411-FC4C-4119-B21F-E50C1A1CDD3C}.Release|x86.ActiveCfg = Release|Any CPU
		{CEF6A411-FC4C-4119-B21F-E50C1A1CDD3C}.Release|x86.Build.0 = Release|Any CPU
		{FB217853-AD10-41F7-91CE-8EBD6094C223}.Analysis|Any CPU.ActiveCfg = Release|Any CPU
		{FB217853-AD10-41F7-91CE-8EBD6094C223}.Analysis|Any CPU.Build.0 = Release|Any CPU
		{FB217853-AD10-41F7-91CE-8EBD6094C223}.Analysis|x86.ActiveCfg = Release|Any CPU
		{FB217853-AD10-41F7-91CE-8EBD6094C223}.Analysis|x86.Build.0 = Release|Any CPU
		{FB217853-AD10-41F7-91CE-8EBD6094C223}.Debug|Any CPU.ActiveCfg = Debug|Any CPU
		{FB217853-AD10-41F7-91CE-8EBD6094C223}.Debug|Any CPU.Build.0 = Debug|Any CPU
		{FB217853-AD10-41F7-91CE-8EBD6094C223}.Debug|x86.ActiveCfg = Debug|Any CPU
		{FB217853-AD10-41F7-91CE-8EBD6094C223}.Debug|x86.Build.0 = Debug|Any CPU
		{FB217853-AD10-41F7-91CE-8EBD6094C223}.Release|Any CPU.ActiveCfg = Release|Any CPU
		{FB217853-AD10-41F7-91CE-8EBD6094C223}.Release|Any CPU.Build.0 = Release|Any CPU
		{FB217853-AD10-41F7-91CE-8EBD6094C223}.Release|x86.ActiveCfg = Release|Any CPU
		{FB217853-AD10-41F7-91CE-8EBD6094C223}.Release|x86.Build.0 = Release|Any CPU
		{DE11A84B-BEC3-4F2E-9C66-ACBC039E0CCC}.Analysis|Any CPU.ActiveCfg = Release|Any CPU
		{DE11A84B-BEC3-4F2E-9C66-ACBC039E0CCC}.Analysis|Any CPU.Build.0 = Release|Any CPU
		{DE11A84B-BEC3-4F2E-9C66-ACBC039E0CCC}.Analysis|x86.ActiveCfg = Release|Any CPU
		{DE11A84B-BEC3-4F2E-9C66-ACBC039E0CCC}.Analysis|x86.Build.0 = Release|Any CPU
		{DE11A84B-BEC3-4F2E-9C66-ACBC039E0CCC}.Debug|Any CPU.ActiveCfg = Debug|Any CPU
		{DE11A84B-BEC3-4F2E-9C66-ACBC039E0CCC}.Debug|Any CPU.Build.0 = Debug|Any CPU
		{DE11A84B-BEC3-4F2E-9C66-ACBC039E0CCC}.Debug|x86.ActiveCfg = Debug|Any CPU
		{DE11A84B-BEC3-4F2E-9C66-ACBC039E0CCC}.Debug|x86.Build.0 = Debug|Any CPU
		{DE11A84B-BEC3-4F2E-9C66-ACBC039E0CCC}.Release|Any CPU.ActiveCfg = Release|Any CPU
		{DE11A84B-BEC3-4F2E-9C66-ACBC039E0CCC}.Release|Any CPU.Build.0 = Release|Any CPU
		{DE11A84B-BEC3-4F2E-9C66-ACBC039E0CCC}.Release|x86.ActiveCfg = Release|Any CPU
		{DE11A84B-BEC3-4F2E-9C66-ACBC039E0CCC}.Release|x86.Build.0 = Release|Any CPU
		{12CF0854-7C0A-484E-8B05-6F749BDB4E74}.Analysis|Any CPU.ActiveCfg = Release|Any CPU
		{12CF0854-7C0A-484E-8B05-6F749BDB4E74}.Analysis|Any CPU.Build.0 = Release|Any CPU
		{12CF0854-7C0A-484E-8B05-6F749BDB4E74}.Analysis|x86.ActiveCfg = Release|Any CPU
		{12CF0854-7C0A-484E-8B05-6F749BDB4E74}.Analysis|x86.Build.0 = Release|Any CPU
		{12CF0854-7C0A-484E-8B05-6F749BDB4E74}.Debug|Any CPU.ActiveCfg = Debug|Any CPU
		{12CF0854-7C0A-484E-8B05-6F749BDB4E74}.Debug|Any CPU.Build.0 = Debug|Any CPU
		{12CF0854-7C0A-484E-8B05-6F749BDB4E74}.Debug|x86.ActiveCfg = Debug|Any CPU
		{12CF0854-7C0A-484E-8B05-6F749BDB4E74}.Debug|x86.Build.0 = Debug|Any CPU
		{12CF0854-7C0A-484E-8B05-6F749BDB4E74}.Release|Any CPU.ActiveCfg = Release|Any CPU
		{12CF0854-7C0A-484E-8B05-6F749BDB4E74}.Release|Any CPU.Build.0 = Release|Any CPU
		{12CF0854-7C0A-484E-8B05-6F749BDB4E74}.Release|x86.ActiveCfg = Release|Any CPU
		{12CF0854-7C0A-484E-8B05-6F749BDB4E74}.Release|x86.Build.0 = Release|Any CPU
		{830CD110-A265-479E-A791-6B4FEF997EBB}.Analysis|Any CPU.ActiveCfg = Release|Any CPU
		{830CD110-A265-479E-A791-6B4FEF997EBB}.Analysis|Any CPU.Build.0 = Release|Any CPU
		{830CD110-A265-479E-A791-6B4FEF997EBB}.Analysis|x86.ActiveCfg = Release|Any CPU
		{830CD110-A265-479E-A791-6B4FEF997EBB}.Analysis|x86.Build.0 = Release|Any CPU
		{830CD110-A265-479E-A791-6B4FEF997EBB}.Debug|Any CPU.ActiveCfg = Debug|Any CPU
		{830CD110-A265-479E-A791-6B4FEF997EBB}.Debug|Any CPU.Build.0 = Debug|Any CPU
		{830CD110-A265-479E-A791-6B4FEF997EBB}.Debug|x86.ActiveCfg = Debug|Any CPU
		{830CD110-A265-479E-A791-6B4FEF997EBB}.Debug|x86.Build.0 = Debug|Any CPU
		{830CD110-A265-479E-A791-6B4FEF997EBB}.Release|Any CPU.ActiveCfg = Release|Any CPU
		{830CD110-A265-479E-A791-6B4FEF997EBB}.Release|Any CPU.Build.0 = Release|Any CPU
		{830CD110-A265-479E-A791-6B4FEF997EBB}.Release|x86.ActiveCfg = Release|Any CPU
		{830CD110-A265-479E-A791-6B4FEF997EBB}.Release|x86.Build.0 = Release|Any CPU
		{E11F5724-2C15-4249-9FFB-44804D5D7F93}.Analysis|Any CPU.ActiveCfg = Release|Any CPU
		{E11F5724-2C15-4249-9FFB-44804D5D7F93}.Analysis|Any CPU.Build.0 = Release|Any CPU
		{E11F5724-2C15-4249-9FFB-44804D5D7F93}.Analysis|x86.ActiveCfg = Release|Any CPU
		{E11F5724-2C15-4249-9FFB-44804D5D7F93}.Analysis|x86.Build.0 = Release|Any CPU
		{E11F5724-2C15-4249-9FFB-44804D5D7F93}.Debug|Any CPU.ActiveCfg = Debug|Any CPU
		{E11F5724-2C15-4249-9FFB-44804D5D7F93}.Debug|Any CPU.Build.0 = Debug|Any CPU
		{E11F5724-2C15-4249-9FFB-44804D5D7F93}.Debug|x86.ActiveCfg = Debug|Any CPU
		{E11F5724-2C15-4249-9FFB-44804D5D7F93}.Debug|x86.Build.0 = Debug|Any CPU
		{E11F5724-2C15-4249-9FFB-44804D5D7F93}.Release|Any CPU.ActiveCfg = Release|Any CPU
		{E11F5724-2C15-4249-9FFB-44804D5D7F93}.Release|Any CPU.Build.0 = Release|Any CPU
		{E11F5724-2C15-4249-9FFB-44804D5D7F93}.Release|x86.ActiveCfg = Release|Any CPU
		{E11F5724-2C15-4249-9FFB-44804D5D7F93}.Release|x86.Build.0 = Release|Any CPU
		{0BB42B15-A249-4E0B-AA01-5A450740E135}.Analysis|Any CPU.ActiveCfg = Release|Any CPU
		{0BB42B15-A249-4E0B-AA01-5A450740E135}.Analysis|Any CPU.Build.0 = Release|Any CPU
		{0BB42B15-A249-4E0B-AA01-5A450740E135}.Analysis|x86.ActiveCfg = Release|Any CPU
		{0BB42B15-A249-4E0B-AA01-5A450740E135}.Analysis|x86.Build.0 = Release|Any CPU
		{0BB42B15-A249-4E0B-AA01-5A450740E135}.Debug|Any CPU.ActiveCfg = Debug|Any CPU
		{0BB42B15-A249-4E0B-AA01-5A450740E135}.Debug|Any CPU.Build.0 = Debug|Any CPU
		{0BB42B15-A249-4E0B-AA01-5A450740E135}.Debug|x86.ActiveCfg = Debug|Any CPU
		{0BB42B15-A249-4E0B-AA01-5A450740E135}.Debug|x86.Build.0 = Debug|Any CPU
		{0BB42B15-A249-4E0B-AA01-5A450740E135}.Release|Any CPU.ActiveCfg = Release|Any CPU
		{0BB42B15-A249-4E0B-AA01-5A450740E135}.Release|Any CPU.Build.0 = Release|Any CPU
		{0BB42B15-A249-4E0B-AA01-5A450740E135}.Release|x86.ActiveCfg = Release|Any CPU
		{0BB42B15-A249-4E0B-AA01-5A450740E135}.Release|x86.Build.0 = Release|Any CPU
		{0F1B73DB-9A37-4F53-9CE7-E882F37D6110}.Analysis|Any CPU.ActiveCfg = Release|Any CPU
		{0F1B73DB-9A37-4F53-9CE7-E882F37D6110}.Analysis|Any CPU.Build.0 = Release|Any CPU
		{0F1B73DB-9A37-4F53-9CE7-E882F37D6110}.Analysis|x86.ActiveCfg = Release|Any CPU
		{0F1B73DB-9A37-4F53-9CE7-E882F37D6110}.Analysis|x86.Build.0 = Release|Any CPU
		{0F1B73DB-9A37-4F53-9CE7-E882F37D6110}.Debug|Any CPU.ActiveCfg = Debug|Any CPU
		{0F1B73DB-9A37-4F53-9CE7-E882F37D6110}.Debug|Any CPU.Build.0 = Debug|Any CPU
		{0F1B73DB-9A37-4F53-9CE7-E882F37D6110}.Debug|x86.ActiveCfg = Debug|Any CPU
		{0F1B73DB-9A37-4F53-9CE7-E882F37D6110}.Debug|x86.Build.0 = Debug|Any CPU
		{0F1B73DB-9A37-4F53-9CE7-E882F37D6110}.Release|Any CPU.ActiveCfg = Release|Any CPU
		{0F1B73DB-9A37-4F53-9CE7-E882F37D6110}.Release|Any CPU.Build.0 = Release|Any CPU
		{0F1B73DB-9A37-4F53-9CE7-E882F37D6110}.Release|x86.ActiveCfg = Release|Any CPU
		{0F1B73DB-9A37-4F53-9CE7-E882F37D6110}.Release|x86.Build.0 = Release|Any CPU
		{3401D389-5E7D-44A1-94BD-890FFCD7E715}.Analysis|Any CPU.ActiveCfg = Release|Any CPU
		{3401D389-5E7D-44A1-94BD-890FFCD7E715}.Analysis|Any CPU.Build.0 = Release|Any CPU
		{3401D389-5E7D-44A1-94BD-890FFCD7E715}.Analysis|x86.ActiveCfg = Release|Any CPU
		{3401D389-5E7D-44A1-94BD-890FFCD7E715}.Analysis|x86.Build.0 = Release|Any CPU
		{3401D389-5E7D-44A1-94BD-890FFCD7E715}.Debug|Any CPU.ActiveCfg = Debug|Any CPU
		{3401D389-5E7D-44A1-94BD-890FFCD7E715}.Debug|Any CPU.Build.0 = Debug|Any CPU
		{3401D389-5E7D-44A1-94BD-890FFCD7E715}.Debug|x86.ActiveCfg = Debug|Any CPU
		{3401D389-5E7D-44A1-94BD-890FFCD7E715}.Debug|x86.Build.0 = Debug|Any CPU
		{3401D389-5E7D-44A1-94BD-890FFCD7E715}.Release|Any CPU.ActiveCfg = Release|Any CPU
		{3401D389-5E7D-44A1-94BD-890FFCD7E715}.Release|Any CPU.Build.0 = Release|Any CPU
		{3401D389-5E7D-44A1-94BD-890FFCD7E715}.Release|x86.ActiveCfg = Release|Any CPU
		{3401D389-5E7D-44A1-94BD-890FFCD7E715}.Release|x86.Build.0 = Release|Any CPU
		{0AC72BF7-69D5-422C-8E99-7731A3C96129}.Analysis|Any CPU.ActiveCfg = Release|Any CPU
		{0AC72BF7-69D5-422C-8E99-7731A3C96129}.Analysis|Any CPU.Build.0 = Release|Any CPU
		{0AC72BF7-69D5-422C-8E99-7731A3C96129}.Analysis|x86.ActiveCfg = Release|Any CPU
		{0AC72BF7-69D5-422C-8E99-7731A3C96129}.Analysis|x86.Build.0 = Release|Any CPU
		{0AC72BF7-69D5-422C-8E99-7731A3C96129}.Debug|Any CPU.ActiveCfg = Debug|Any CPU
		{0AC72BF7-69D5-422C-8E99-7731A3C96129}.Debug|Any CPU.Build.0 = Debug|Any CPU
		{0AC72BF7-69D5-422C-8E99-7731A3C96129}.Debug|x86.ActiveCfg = Debug|Any CPU
		{0AC72BF7-69D5-422C-8E99-7731A3C96129}.Debug|x86.Build.0 = Debug|Any CPU
		{0AC72BF7-69D5-422C-8E99-7731A3C96129}.Release|Any CPU.ActiveCfg = Release|Any CPU
		{0AC72BF7-69D5-422C-8E99-7731A3C96129}.Release|Any CPU.Build.0 = Release|Any CPU
		{0AC72BF7-69D5-422C-8E99-7731A3C96129}.Release|x86.ActiveCfg = Release|Any CPU
		{0AC72BF7-69D5-422C-8E99-7731A3C96129}.Release|x86.Build.0 = Release|Any CPU
		{FBB57B38-F210-4F04-B3D6-EB1B8078E1A8}.Analysis|Any CPU.ActiveCfg = Release|Any CPU
		{FBB57B38-F210-4F04-B3D6-EB1B8078E1A8}.Analysis|Any CPU.Build.0 = Release|Any CPU
		{FBB57B38-F210-4F04-B3D6-EB1B8078E1A8}.Analysis|x86.ActiveCfg = Release|Any CPU
		{FBB57B38-F210-4F04-B3D6-EB1B8078E1A8}.Analysis|x86.Build.0 = Release|Any CPU
		{FBB57B38-F210-4F04-B3D6-EB1B8078E1A8}.Debug|Any CPU.ActiveCfg = Debug|Any CPU
		{FBB57B38-F210-4F04-B3D6-EB1B8078E1A8}.Debug|Any CPU.Build.0 = Debug|Any CPU
		{FBB57B38-F210-4F04-B3D6-EB1B8078E1A8}.Debug|x86.ActiveCfg = Debug|Any CPU
		{FBB57B38-F210-4F04-B3D6-EB1B8078E1A8}.Debug|x86.Build.0 = Debug|Any CPU
		{FBB57B38-F210-4F04-B3D6-EB1B8078E1A8}.Release|Any CPU.ActiveCfg = Release|Any CPU
		{FBB57B38-F210-4F04-B3D6-EB1B8078E1A8}.Release|Any CPU.Build.0 = Release|Any CPU
		{FBB57B38-F210-4F04-B3D6-EB1B8078E1A8}.Release|x86.ActiveCfg = Release|Any CPU
		{FBB57B38-F210-4F04-B3D6-EB1B8078E1A8}.Release|x86.Build.0 = Release|Any CPU
		{B333F239-872D-4A8E-AD78-DD056AF68B83}.Analysis|Any CPU.ActiveCfg = Release|Any CPU
		{B333F239-872D-4A8E-AD78-DD056AF68B83}.Analysis|Any CPU.Build.0 = Release|Any CPU
		{B333F239-872D-4A8E-AD78-DD056AF68B83}.Analysis|x86.ActiveCfg = Release|Any CPU
		{B333F239-872D-4A8E-AD78-DD056AF68B83}.Analysis|x86.Build.0 = Release|Any CPU
		{B333F239-872D-4A8E-AD78-DD056AF68B83}.Debug|Any CPU.ActiveCfg = Debug|Any CPU
		{B333F239-872D-4A8E-AD78-DD056AF68B83}.Debug|Any CPU.Build.0 = Debug|Any CPU
		{B333F239-872D-4A8E-AD78-DD056AF68B83}.Debug|x86.ActiveCfg = Debug|Any CPU
		{B333F239-872D-4A8E-AD78-DD056AF68B83}.Debug|x86.Build.0 = Debug|Any CPU
		{B333F239-872D-4A8E-AD78-DD056AF68B83}.Release|Any CPU.ActiveCfg = Release|Any CPU
		{B333F239-872D-4A8E-AD78-DD056AF68B83}.Release|Any CPU.Build.0 = Release|Any CPU
		{B333F239-872D-4A8E-AD78-DD056AF68B83}.Release|x86.ActiveCfg = Release|Any CPU
		{B333F239-872D-4A8E-AD78-DD056AF68B83}.Release|x86.Build.0 = Release|Any CPU
		{280C5BFD-FB6C-4504-9CB9-43FDBEB64F62}.Analysis|Any CPU.ActiveCfg = Release|Any CPU
		{280C5BFD-FB6C-4504-9CB9-43FDBEB64F62}.Analysis|Any CPU.Build.0 = Release|Any CPU
		{280C5BFD-FB6C-4504-9CB9-43FDBEB64F62}.Analysis|x86.ActiveCfg = Release|Any CPU
		{280C5BFD-FB6C-4504-9CB9-43FDBEB64F62}.Analysis|x86.Build.0 = Release|Any CPU
		{280C5BFD-FB6C-4504-9CB9-43FDBEB64F62}.Debug|Any CPU.ActiveCfg = Debug|Any CPU
		{280C5BFD-FB6C-4504-9CB9-43FDBEB64F62}.Debug|Any CPU.Build.0 = Debug|Any CPU
		{280C5BFD-FB6C-4504-9CB9-43FDBEB64F62}.Debug|x86.ActiveCfg = Debug|Any CPU
		{280C5BFD-FB6C-4504-9CB9-43FDBEB64F62}.Debug|x86.Build.0 = Debug|Any CPU
		{280C5BFD-FB6C-4504-9CB9-43FDBEB64F62}.Release|Any CPU.ActiveCfg = Release|Any CPU
		{280C5BFD-FB6C-4504-9CB9-43FDBEB64F62}.Release|Any CPU.Build.0 = Release|Any CPU
		{280C5BFD-FB6C-4504-9CB9-43FDBEB64F62}.Release|x86.ActiveCfg = Release|Any CPU
		{280C5BFD-FB6C-4504-9CB9-43FDBEB64F62}.Release|x86.Build.0 = Release|Any CPU
		{9D3D8A71-450D-48AB-A478-08CED69EA218}.Analysis|Any CPU.ActiveCfg = Release|Any CPU
		{9D3D8A71-450D-48AB-A478-08CED69EA218}.Analysis|Any CPU.Build.0 = Release|Any CPU
		{9D3D8A71-450D-48AB-A478-08CED69EA218}.Analysis|x86.ActiveCfg = Release|Any CPU
		{9D3D8A71-450D-48AB-A478-08CED69EA218}.Analysis|x86.Build.0 = Release|Any CPU
		{9D3D8A71-450D-48AB-A478-08CED69EA218}.Debug|Any CPU.ActiveCfg = Debug|Any CPU
		{9D3D8A71-450D-48AB-A478-08CED69EA218}.Debug|Any CPU.Build.0 = Debug|Any CPU
		{9D3D8A71-450D-48AB-A478-08CED69EA218}.Debug|x86.ActiveCfg = Debug|Any CPU
		{9D3D8A71-450D-48AB-A478-08CED69EA218}.Debug|x86.Build.0 = Debug|Any CPU
		{9D3D8A71-450D-48AB-A478-08CED69EA218}.Release|Any CPU.ActiveCfg = Release|Any CPU
		{9D3D8A71-450D-48AB-A478-08CED69EA218}.Release|Any CPU.Build.0 = Release|Any CPU
		{9D3D8A71-450D-48AB-A478-08CED69EA218}.Release|x86.ActiveCfg = Release|Any CPU
		{9D3D8A71-450D-48AB-A478-08CED69EA218}.Release|x86.Build.0 = Release|Any CPU
		{7E405C06-511F-4741-968A-A0E4EA7EA681}.Analysis|Any CPU.ActiveCfg = Release|Any CPU
		{7E405C06-511F-4741-968A-A0E4EA7EA681}.Analysis|Any CPU.Build.0 = Release|Any CPU
		{7E405C06-511F-4741-968A-A0E4EA7EA681}.Analysis|x86.ActiveCfg = Release|Any CPU
		{7E405C06-511F-4741-968A-A0E4EA7EA681}.Analysis|x86.Build.0 = Release|Any CPU
		{7E405C06-511F-4741-968A-A0E4EA7EA681}.Debug|Any CPU.ActiveCfg = Debug|Any CPU
		{7E405C06-511F-4741-968A-A0E4EA7EA681}.Debug|Any CPU.Build.0 = Debug|Any CPU
		{7E405C06-511F-4741-968A-A0E4EA7EA681}.Debug|x86.ActiveCfg = Debug|Any CPU
		{7E405C06-511F-4741-968A-A0E4EA7EA681}.Debug|x86.Build.0 = Debug|Any CPU
		{7E405C06-511F-4741-968A-A0E4EA7EA681}.Release|Any CPU.ActiveCfg = Release|Any CPU
		{7E405C06-511F-4741-968A-A0E4EA7EA681}.Release|Any CPU.Build.0 = Release|Any CPU
		{7E405C06-511F-4741-968A-A0E4EA7EA681}.Release|x86.ActiveCfg = Release|Any CPU
		{7E405C06-511F-4741-968A-A0E4EA7EA681}.Release|x86.Build.0 = Release|Any CPU
		{907C8A19-866D-45E6-B07F-B854C2A6896F}.Analysis|Any CPU.ActiveCfg = Release|Any CPU
		{907C8A19-866D-45E6-B07F-B854C2A6896F}.Analysis|Any CPU.Build.0 = Release|Any CPU
		{907C8A19-866D-45E6-B07F-B854C2A6896F}.Analysis|x86.ActiveCfg = Release|Any CPU
		{907C8A19-866D-45E6-B07F-B854C2A6896F}.Analysis|x86.Build.0 = Release|Any CPU
		{907C8A19-866D-45E6-B07F-B854C2A6896F}.Debug|Any CPU.ActiveCfg = Debug|Any CPU
		{907C8A19-866D-45E6-B07F-B854C2A6896F}.Debug|Any CPU.Build.0 = Debug|Any CPU
		{907C8A19-866D-45E6-B07F-B854C2A6896F}.Debug|x86.ActiveCfg = Debug|Any CPU
		{907C8A19-866D-45E6-B07F-B854C2A6896F}.Debug|x86.Build.0 = Debug|Any CPU
		{907C8A19-866D-45E6-B07F-B854C2A6896F}.Release|Any CPU.ActiveCfg = Release|Any CPU
		{907C8A19-866D-45E6-B07F-B854C2A6896F}.Release|Any CPU.Build.0 = Release|Any CPU
		{907C8A19-866D-45E6-B07F-B854C2A6896F}.Release|x86.ActiveCfg = Release|Any CPU
		{907C8A19-866D-45E6-B07F-B854C2A6896F}.Release|x86.Build.0 = Release|Any CPU
		{9A4A3F5D-5CB8-4EA4-BA86-E3D275610822}.Analysis|Any CPU.ActiveCfg = Release|Any CPU
		{9A4A3F5D-5CB8-4EA4-BA86-E3D275610822}.Analysis|Any CPU.Build.0 = Release|Any CPU
		{9A4A3F5D-5CB8-4EA4-BA86-E3D275610822}.Analysis|x86.ActiveCfg = Release|Any CPU
		{9A4A3F5D-5CB8-4EA4-BA86-E3D275610822}.Analysis|x86.Build.0 = Release|Any CPU
		{9A4A3F5D-5CB8-4EA4-BA86-E3D275610822}.Debug|Any CPU.ActiveCfg = Debug|Any CPU
		{9A4A3F5D-5CB8-4EA4-BA86-E3D275610822}.Debug|Any CPU.Build.0 = Debug|Any CPU
		{9A4A3F5D-5CB8-4EA4-BA86-E3D275610822}.Debug|x86.ActiveCfg = Debug|Any CPU
		{9A4A3F5D-5CB8-4EA4-BA86-E3D275610822}.Debug|x86.Build.0 = Debug|Any CPU
		{9A4A3F5D-5CB8-4EA4-BA86-E3D275610822}.Release|Any CPU.ActiveCfg = Release|Any CPU
		{9A4A3F5D-5CB8-4EA4-BA86-E3D275610822}.Release|Any CPU.Build.0 = Release|Any CPU
		{9A4A3F5D-5CB8-4EA4-BA86-E3D275610822}.Release|x86.ActiveCfg = Release|Any CPU
		{9A4A3F5D-5CB8-4EA4-BA86-E3D275610822}.Release|x86.Build.0 = Release|Any CPU
		{E65E5041-69B7-49F1-9E5C-A495D2EFAC2B}.Analysis|Any CPU.ActiveCfg = Release|Any CPU
		{E65E5041-69B7-49F1-9E5C-A495D2EFAC2B}.Analysis|Any CPU.Build.0 = Release|Any CPU
		{E65E5041-69B7-49F1-9E5C-A495D2EFAC2B}.Analysis|x86.ActiveCfg = Release|Any CPU
		{E65E5041-69B7-49F1-9E5C-A495D2EFAC2B}.Analysis|x86.Build.0 = Release|Any CPU
		{E65E5041-69B7-49F1-9E5C-A495D2EFAC2B}.Debug|Any CPU.ActiveCfg = Debug|Any CPU
		{E65E5041-69B7-49F1-9E5C-A495D2EFAC2B}.Debug|Any CPU.Build.0 = Debug|Any CPU
		{E65E5041-69B7-49F1-9E5C-A495D2EFAC2B}.Debug|x86.ActiveCfg = Debug|Any CPU
		{E65E5041-69B7-49F1-9E5C-A495D2EFAC2B}.Debug|x86.Build.0 = Debug|Any CPU
		{E65E5041-69B7-49F1-9E5C-A495D2EFAC2B}.Release|Any CPU.ActiveCfg = Release|Any CPU
		{E65E5041-69B7-49F1-9E5C-A495D2EFAC2B}.Release|Any CPU.Build.0 = Release|Any CPU
		{E65E5041-69B7-49F1-9E5C-A495D2EFAC2B}.Release|x86.ActiveCfg = Release|Any CPU
		{E65E5041-69B7-49F1-9E5C-A495D2EFAC2B}.Release|x86.Build.0 = Release|Any CPU
		{956CB153-A259-4049-ADB6-4241D0F69F67}.Analysis|Any CPU.ActiveCfg = Release|Any CPU
		{956CB153-A259-4049-ADB6-4241D0F69F67}.Analysis|Any CPU.Build.0 = Release|Any CPU
		{956CB153-A259-4049-ADB6-4241D0F69F67}.Analysis|x86.ActiveCfg = Release|Any CPU
		{956CB153-A259-4049-ADB6-4241D0F69F67}.Analysis|x86.Build.0 = Release|Any CPU
		{956CB153-A259-4049-ADB6-4241D0F69F67}.Debug|Any CPU.ActiveCfg = Debug|Any CPU
		{956CB153-A259-4049-ADB6-4241D0F69F67}.Debug|Any CPU.Build.0 = Debug|Any CPU
		{956CB153-A259-4049-ADB6-4241D0F69F67}.Debug|x86.ActiveCfg = Debug|Any CPU
		{956CB153-A259-4049-ADB6-4241D0F69F67}.Debug|x86.Build.0 = Debug|Any CPU
		{956CB153-A259-4049-ADB6-4241D0F69F67}.Release|Any CPU.ActiveCfg = Release|Any CPU
		{956CB153-A259-4049-ADB6-4241D0F69F67}.Release|Any CPU.Build.0 = Release|Any CPU
		{956CB153-A259-4049-ADB6-4241D0F69F67}.Release|x86.ActiveCfg = Release|Any CPU
		{956CB153-A259-4049-ADB6-4241D0F69F67}.Release|x86.Build.0 = Release|Any CPU
		{53CD4262-DC88-4B5D-BB47-1FBD73682E06}.Analysis|Any CPU.ActiveCfg = Release|Any CPU
		{53CD4262-DC88-4B5D-BB47-1FBD73682E06}.Analysis|Any CPU.Build.0 = Release|Any CPU
		{53CD4262-DC88-4B5D-BB47-1FBD73682E06}.Analysis|x86.ActiveCfg = Release|Any CPU
		{53CD4262-DC88-4B5D-BB47-1FBD73682E06}.Analysis|x86.Build.0 = Release|Any CPU
		{53CD4262-DC88-4B5D-BB47-1FBD73682E06}.Debug|Any CPU.ActiveCfg = Debug|Any CPU
		{53CD4262-DC88-4B5D-BB47-1FBD73682E06}.Debug|Any CPU.Build.0 = Debug|Any CPU
		{53CD4262-DC88-4B5D-BB47-1FBD73682E06}.Debug|x86.ActiveCfg = Debug|Any CPU
		{53CD4262-DC88-4B5D-BB47-1FBD73682E06}.Debug|x86.Build.0 = Debug|Any CPU
		{53CD4262-DC88-4B5D-BB47-1FBD73682E06}.Release|Any CPU.ActiveCfg = Release|Any CPU
		{53CD4262-DC88-4B5D-BB47-1FBD73682E06}.Release|Any CPU.Build.0 = Release|Any CPU
		{53CD4262-DC88-4B5D-BB47-1FBD73682E06}.Release|x86.ActiveCfg = Release|Any CPU
		{53CD4262-DC88-4B5D-BB47-1FBD73682E06}.Release|x86.Build.0 = Release|Any CPU
		{63894DB9-C60A-4A3E-A504-182210B2792D}.Analysis|Any CPU.ActiveCfg = Release|Any CPU
		{63894DB9-C60A-4A3E-A504-182210B2792D}.Analysis|Any CPU.Build.0 = Release|Any CPU
		{63894DB9-C60A-4A3E-A504-182210B2792D}.Analysis|x86.ActiveCfg = Release|Any CPU
		{63894DB9-C60A-4A3E-A504-182210B2792D}.Analysis|x86.Build.0 = Release|Any CPU
		{63894DB9-C60A-4A3E-A504-182210B2792D}.Debug|Any CPU.ActiveCfg = Debug|Any CPU
		{63894DB9-C60A-4A3E-A504-182210B2792D}.Debug|Any CPU.Build.0 = Debug|Any CPU
		{63894DB9-C60A-4A3E-A504-182210B2792D}.Debug|x86.ActiveCfg = Debug|Any CPU
		{63894DB9-C60A-4A3E-A504-182210B2792D}.Debug|x86.Build.0 = Debug|Any CPU
		{63894DB9-C60A-4A3E-A504-182210B2792D}.Release|Any CPU.ActiveCfg = Release|Any CPU
		{63894DB9-C60A-4A3E-A504-182210B2792D}.Release|Any CPU.Build.0 = Release|Any CPU
		{63894DB9-C60A-4A3E-A504-182210B2792D}.Release|x86.ActiveCfg = Release|Any CPU
		{63894DB9-C60A-4A3E-A504-182210B2792D}.Release|x86.Build.0 = Release|Any CPU
		{0A7A854A-9EC9-4697-9711-5016A7C33727}.Analysis|Any CPU.ActiveCfg = Release|Any CPU
		{0A7A854A-9EC9-4697-9711-5016A7C33727}.Analysis|Any CPU.Build.0 = Release|Any CPU
		{0A7A854A-9EC9-4697-9711-5016A7C33727}.Analysis|x86.ActiveCfg = Release|Any CPU
		{0A7A854A-9EC9-4697-9711-5016A7C33727}.Analysis|x86.Build.0 = Release|Any CPU
		{0A7A854A-9EC9-4697-9711-5016A7C33727}.Debug|Any CPU.ActiveCfg = Debug|Any CPU
		{0A7A854A-9EC9-4697-9711-5016A7C33727}.Debug|Any CPU.Build.0 = Debug|Any CPU
		{0A7A854A-9EC9-4697-9711-5016A7C33727}.Debug|x86.ActiveCfg = Debug|Any CPU
		{0A7A854A-9EC9-4697-9711-5016A7C33727}.Debug|x86.Build.0 = Debug|Any CPU
		{0A7A854A-9EC9-4697-9711-5016A7C33727}.Release|Any CPU.ActiveCfg = Release|Any CPU
		{0A7A854A-9EC9-4697-9711-5016A7C33727}.Release|Any CPU.Build.0 = Release|Any CPU
		{0A7A854A-9EC9-4697-9711-5016A7C33727}.Release|x86.ActiveCfg = Release|Any CPU
		{0A7A854A-9EC9-4697-9711-5016A7C33727}.Release|x86.Build.0 = Release|Any CPU
		{9D22BFA1-42DF-4F9F-BE59-676D21A7F503}.Analysis|Any CPU.ActiveCfg = Release|Any CPU
		{9D22BFA1-42DF-4F9F-BE59-676D21A7F503}.Analysis|Any CPU.Build.0 = Release|Any CPU
		{9D22BFA1-42DF-4F9F-BE59-676D21A7F503}.Analysis|x86.ActiveCfg = Release|Any CPU
		{9D22BFA1-42DF-4F9F-BE59-676D21A7F503}.Analysis|x86.Build.0 = Release|Any CPU
		{9D22BFA1-42DF-4F9F-BE59-676D21A7F503}.Debug|Any CPU.ActiveCfg = Debug|Any CPU
		{9D22BFA1-42DF-4F9F-BE59-676D21A7F503}.Debug|Any CPU.Build.0 = Debug|Any CPU
		{9D22BFA1-42DF-4F9F-BE59-676D21A7F503}.Debug|x86.ActiveCfg = Debug|Any CPU
		{9D22BFA1-42DF-4F9F-BE59-676D21A7F503}.Debug|x86.Build.0 = Debug|Any CPU
		{9D22BFA1-42DF-4F9F-BE59-676D21A7F503}.Release|Any CPU.ActiveCfg = Release|Any CPU
		{9D22BFA1-42DF-4F9F-BE59-676D21A7F503}.Release|Any CPU.Build.0 = Release|Any CPU
		{9D22BFA1-42DF-4F9F-BE59-676D21A7F503}.Release|x86.ActiveCfg = Release|Any CPU
		{9D22BFA1-42DF-4F9F-BE59-676D21A7F503}.Release|x86.Build.0 = Release|Any CPU
		{BB0D69F7-416A-44B2-AD96-C412B97AAEBC}.Analysis|Any CPU.ActiveCfg = Release|Any CPU
		{BB0D69F7-416A-44B2-AD96-C412B97AAEBC}.Analysis|Any CPU.Build.0 = Release|Any CPU
		{BB0D69F7-416A-44B2-AD96-C412B97AAEBC}.Analysis|x86.ActiveCfg = Release|Any CPU
		{BB0D69F7-416A-44B2-AD96-C412B97AAEBC}.Analysis|x86.Build.0 = Release|Any CPU
		{BB0D69F7-416A-44B2-AD96-C412B97AAEBC}.Debug|Any CPU.ActiveCfg = Debug|Any CPU
		{BB0D69F7-416A-44B2-AD96-C412B97AAEBC}.Debug|Any CPU.Build.0 = Debug|Any CPU
		{BB0D69F7-416A-44B2-AD96-C412B97AAEBC}.Debug|x86.ActiveCfg = Debug|Any CPU
		{BB0D69F7-416A-44B2-AD96-C412B97AAEBC}.Debug|x86.Build.0 = Debug|Any CPU
		{BB0D69F7-416A-44B2-AD96-C412B97AAEBC}.Release|Any CPU.ActiveCfg = Release|Any CPU
		{BB0D69F7-416A-44B2-AD96-C412B97AAEBC}.Release|Any CPU.Build.0 = Release|Any CPU
		{BB0D69F7-416A-44B2-AD96-C412B97AAEBC}.Release|x86.ActiveCfg = Release|Any CPU
		{BB0D69F7-416A-44B2-AD96-C412B97AAEBC}.Release|x86.Build.0 = Release|Any CPU
		{3B2F4BDD-8CBA-467C-86C4-78F619D2D8C8}.Analysis|Any CPU.ActiveCfg = Release|Any CPU
		{3B2F4BDD-8CBA-467C-86C4-78F619D2D8C8}.Analysis|Any CPU.Build.0 = Release|Any CPU
		{3B2F4BDD-8CBA-467C-86C4-78F619D2D8C8}.Analysis|x86.ActiveCfg = Release|Any CPU
		{3B2F4BDD-8CBA-467C-86C4-78F619D2D8C8}.Analysis|x86.Build.0 = Release|Any CPU
		{3B2F4BDD-8CBA-467C-86C4-78F619D2D8C8}.Debug|Any CPU.ActiveCfg = Debug|Any CPU
		{3B2F4BDD-8CBA-467C-86C4-78F619D2D8C8}.Debug|Any CPU.Build.0 = Debug|Any CPU
		{3B2F4BDD-8CBA-467C-86C4-78F619D2D8C8}.Debug|x86.ActiveCfg = Debug|Any CPU
		{3B2F4BDD-8CBA-467C-86C4-78F619D2D8C8}.Debug|x86.Build.0 = Debug|Any CPU
		{3B2F4BDD-8CBA-467C-86C4-78F619D2D8C8}.Release|Any CPU.ActiveCfg = Release|Any CPU
		{3B2F4BDD-8CBA-467C-86C4-78F619D2D8C8}.Release|Any CPU.Build.0 = Release|Any CPU
		{3B2F4BDD-8CBA-467C-86C4-78F619D2D8C8}.Release|x86.ActiveCfg = Release|Any CPU
		{3B2F4BDD-8CBA-467C-86C4-78F619D2D8C8}.Release|x86.Build.0 = Release|Any CPU
		{2D5D4659-DDB4-4690-9BA4-BA9B242BD6E3}.Analysis|Any CPU.ActiveCfg = Release|Any CPU
		{2D5D4659-DDB4-4690-9BA4-BA9B242BD6E3}.Analysis|Any CPU.Build.0 = Release|Any CPU
		{2D5D4659-DDB4-4690-9BA4-BA9B242BD6E3}.Analysis|x86.ActiveCfg = Release|Any CPU
		{2D5D4659-DDB4-4690-9BA4-BA9B242BD6E3}.Analysis|x86.Build.0 = Release|Any CPU
		{2D5D4659-DDB4-4690-9BA4-BA9B242BD6E3}.Debug|Any CPU.ActiveCfg = Debug|Any CPU
		{2D5D4659-DDB4-4690-9BA4-BA9B242BD6E3}.Debug|Any CPU.Build.0 = Debug|Any CPU
		{2D5D4659-DDB4-4690-9BA4-BA9B242BD6E3}.Debug|x86.ActiveCfg = Debug|Any CPU
		{2D5D4659-DDB4-4690-9BA4-BA9B242BD6E3}.Debug|x86.Build.0 = Debug|Any CPU
		{2D5D4659-DDB4-4690-9BA4-BA9B242BD6E3}.Release|Any CPU.ActiveCfg = Release|Any CPU
		{2D5D4659-DDB4-4690-9BA4-BA9B242BD6E3}.Release|Any CPU.Build.0 = Release|Any CPU
		{2D5D4659-DDB4-4690-9BA4-BA9B242BD6E3}.Release|x86.ActiveCfg = Release|Any CPU
		{2D5D4659-DDB4-4690-9BA4-BA9B242BD6E3}.Release|x86.Build.0 = Release|Any CPU
		{E64809FC-0F81-411A-A3B0-497ED512FEF0}.Analysis|Any CPU.ActiveCfg = Release|Any CPU
		{E64809FC-0F81-411A-A3B0-497ED512FEF0}.Analysis|Any CPU.Build.0 = Release|Any CPU
		{E64809FC-0F81-411A-A3B0-497ED512FEF0}.Analysis|x86.ActiveCfg = Release|Any CPU
		{E64809FC-0F81-411A-A3B0-497ED512FEF0}.Analysis|x86.Build.0 = Release|Any CPU
		{E64809FC-0F81-411A-A3B0-497ED512FEF0}.Debug|Any CPU.ActiveCfg = Debug|Any CPU
		{E64809FC-0F81-411A-A3B0-497ED512FEF0}.Debug|Any CPU.Build.0 = Debug|Any CPU
		{E64809FC-0F81-411A-A3B0-497ED512FEF0}.Debug|x86.ActiveCfg = Debug|Any CPU
		{E64809FC-0F81-411A-A3B0-497ED512FEF0}.Debug|x86.Build.0 = Debug|Any CPU
		{E64809FC-0F81-411A-A3B0-497ED512FEF0}.Release|Any CPU.ActiveCfg = Release|Any CPU
		{E64809FC-0F81-411A-A3B0-497ED512FEF0}.Release|Any CPU.Build.0 = Release|Any CPU
		{E64809FC-0F81-411A-A3B0-497ED512FEF0}.Release|x86.ActiveCfg = Release|Any CPU
		{E64809FC-0F81-411A-A3B0-497ED512FEF0}.Release|x86.Build.0 = Release|Any CPU
		{F154F259-E24F-4069-8C34-20099D1E5454}.Analysis|Any CPU.ActiveCfg = Release|Any CPU
		{F154F259-E24F-4069-8C34-20099D1E5454}.Analysis|Any CPU.Build.0 = Release|Any CPU
		{F154F259-E24F-4069-8C34-20099D1E5454}.Analysis|x86.ActiveCfg = Release|Any CPU
		{F154F259-E24F-4069-8C34-20099D1E5454}.Analysis|x86.Build.0 = Release|Any CPU
		{F154F259-E24F-4069-8C34-20099D1E5454}.Debug|Any CPU.ActiveCfg = Debug|Any CPU
		{F154F259-E24F-4069-8C34-20099D1E5454}.Debug|Any CPU.Build.0 = Debug|Any CPU
		{F154F259-E24F-4069-8C34-20099D1E5454}.Debug|x86.ActiveCfg = Debug|Any CPU
		{F154F259-E24F-4069-8C34-20099D1E5454}.Debug|x86.Build.0 = Debug|Any CPU
		{F154F259-E24F-4069-8C34-20099D1E5454}.Release|Any CPU.ActiveCfg = Release|Any CPU
		{F154F259-E24F-4069-8C34-20099D1E5454}.Release|Any CPU.Build.0 = Release|Any CPU
		{F154F259-E24F-4069-8C34-20099D1E5454}.Release|x86.ActiveCfg = Release|Any CPU
		{F154F259-E24F-4069-8C34-20099D1E5454}.Release|x86.Build.0 = Release|Any CPU
		{3690B19F-C8C7-4B6F-B9B5-7B89B4D95C52}.Analysis|Any CPU.ActiveCfg = Release|Any CPU
		{3690B19F-C8C7-4B6F-B9B5-7B89B4D95C52}.Analysis|Any CPU.Build.0 = Release|Any CPU
		{3690B19F-C8C7-4B6F-B9B5-7B89B4D95C52}.Analysis|x86.ActiveCfg = Release|Any CPU
		{3690B19F-C8C7-4B6F-B9B5-7B89B4D95C52}.Analysis|x86.Build.0 = Release|Any CPU
		{3690B19F-C8C7-4B6F-B9B5-7B89B4D95C52}.Debug|Any CPU.ActiveCfg = Debug|Any CPU
		{3690B19F-C8C7-4B6F-B9B5-7B89B4D95C52}.Debug|Any CPU.Build.0 = Debug|Any CPU
		{3690B19F-C8C7-4B6F-B9B5-7B89B4D95C52}.Debug|x86.ActiveCfg = Debug|Any CPU
		{3690B19F-C8C7-4B6F-B9B5-7B89B4D95C52}.Debug|x86.Build.0 = Debug|Any CPU
		{3690B19F-C8C7-4B6F-B9B5-7B89B4D95C52}.Release|Any CPU.ActiveCfg = Release|Any CPU
		{3690B19F-C8C7-4B6F-B9B5-7B89B4D95C52}.Release|Any CPU.Build.0 = Release|Any CPU
		{3690B19F-C8C7-4B6F-B9B5-7B89B4D95C52}.Release|x86.ActiveCfg = Release|Any CPU
		{3690B19F-C8C7-4B6F-B9B5-7B89B4D95C52}.Release|x86.Build.0 = Release|Any CPU
		{87B16AD8-52DD-4F66-B889-0CE78522ED3C}.Analysis|Any CPU.ActiveCfg = Release|Any CPU
		{87B16AD8-52DD-4F66-B889-0CE78522ED3C}.Analysis|Any CPU.Build.0 = Release|Any CPU
		{87B16AD8-52DD-4F66-B889-0CE78522ED3C}.Analysis|x86.ActiveCfg = Release|Any CPU
		{87B16AD8-52DD-4F66-B889-0CE78522ED3C}.Analysis|x86.Build.0 = Release|Any CPU
		{87B16AD8-52DD-4F66-B889-0CE78522ED3C}.Debug|Any CPU.ActiveCfg = Debug|Any CPU
		{87B16AD8-52DD-4F66-B889-0CE78522ED3C}.Debug|Any CPU.Build.0 = Debug|Any CPU
		{87B16AD8-52DD-4F66-B889-0CE78522ED3C}.Debug|x86.ActiveCfg = Debug|Any CPU
		{87B16AD8-52DD-4F66-B889-0CE78522ED3C}.Debug|x86.Build.0 = Debug|Any CPU
		{87B16AD8-52DD-4F66-B889-0CE78522ED3C}.Release|Any CPU.ActiveCfg = Release|Any CPU
		{87B16AD8-52DD-4F66-B889-0CE78522ED3C}.Release|Any CPU.Build.0 = Release|Any CPU
		{87B16AD8-52DD-4F66-B889-0CE78522ED3C}.Release|x86.ActiveCfg = Release|Any CPU
		{87B16AD8-52DD-4F66-B889-0CE78522ED3C}.Release|x86.Build.0 = Release|Any CPU
		{CFE596A5-90B9-4504-975F-2C485384ED5E}.Analysis|Any CPU.ActiveCfg = Release|Any CPU
		{CFE596A5-90B9-4504-975F-2C485384ED5E}.Analysis|Any CPU.Build.0 = Release|Any CPU
		{CFE596A5-90B9-4504-975F-2C485384ED5E}.Analysis|x86.ActiveCfg = Release|Any CPU
		{CFE596A5-90B9-4504-975F-2C485384ED5E}.Analysis|x86.Build.0 = Release|Any CPU
		{CFE596A5-90B9-4504-975F-2C485384ED5E}.Debug|Any CPU.ActiveCfg = Debug|Any CPU
		{CFE596A5-90B9-4504-975F-2C485384ED5E}.Debug|Any CPU.Build.0 = Debug|Any CPU
		{CFE596A5-90B9-4504-975F-2C485384ED5E}.Debug|x86.ActiveCfg = Debug|Any CPU
		{CFE596A5-90B9-4504-975F-2C485384ED5E}.Debug|x86.Build.0 = Debug|Any CPU
		{CFE596A5-90B9-4504-975F-2C485384ED5E}.Release|Any CPU.ActiveCfg = Release|Any CPU
		{CFE596A5-90B9-4504-975F-2C485384ED5E}.Release|Any CPU.Build.0 = Release|Any CPU
		{CFE596A5-90B9-4504-975F-2C485384ED5E}.Release|x86.ActiveCfg = Release|Any CPU
		{CFE596A5-90B9-4504-975F-2C485384ED5E}.Release|x86.Build.0 = Release|Any CPU
		{C90C81EE-06AC-4DAB-89BA-A76F6511DD7A}.Analysis|Any CPU.ActiveCfg = Release|Any CPU
		{C90C81EE-06AC-4DAB-89BA-A76F6511DD7A}.Analysis|Any CPU.Build.0 = Release|Any CPU
		{C90C81EE-06AC-4DAB-89BA-A76F6511DD7A}.Analysis|x86.ActiveCfg = Release|Any CPU
		{C90C81EE-06AC-4DAB-89BA-A76F6511DD7A}.Analysis|x86.Build.0 = Release|Any CPU
		{C90C81EE-06AC-4DAB-89BA-A76F6511DD7A}.Debug|Any CPU.ActiveCfg = Debug|Any CPU
		{C90C81EE-06AC-4DAB-89BA-A76F6511DD7A}.Debug|Any CPU.Build.0 = Debug|Any CPU
		{C90C81EE-06AC-4DAB-89BA-A76F6511DD7A}.Debug|x86.ActiveCfg = Debug|Any CPU
		{C90C81EE-06AC-4DAB-89BA-A76F6511DD7A}.Debug|x86.Build.0 = Debug|Any CPU
		{C90C81EE-06AC-4DAB-89BA-A76F6511DD7A}.Release|Any CPU.ActiveCfg = Release|Any CPU
		{C90C81EE-06AC-4DAB-89BA-A76F6511DD7A}.Release|Any CPU.Build.0 = Release|Any CPU
		{C90C81EE-06AC-4DAB-89BA-A76F6511DD7A}.Release|x86.ActiveCfg = Release|Any CPU
		{C90C81EE-06AC-4DAB-89BA-A76F6511DD7A}.Release|x86.Build.0 = Release|Any CPU
		{7F3E5E28-64BC-4172-815F-A9A80D2F70B9}.Analysis|Any CPU.ActiveCfg = Release|Any CPU
		{7F3E5E28-64BC-4172-815F-A9A80D2F70B9}.Analysis|Any CPU.Build.0 = Release|Any CPU
		{7F3E5E28-64BC-4172-815F-A9A80D2F70B9}.Analysis|x86.ActiveCfg = Release|Any CPU
		{7F3E5E28-64BC-4172-815F-A9A80D2F70B9}.Analysis|x86.Build.0 = Release|Any CPU
		{7F3E5E28-64BC-4172-815F-A9A80D2F70B9}.Debug|Any CPU.ActiveCfg = Debug|Any CPU
		{7F3E5E28-64BC-4172-815F-A9A80D2F70B9}.Debug|Any CPU.Build.0 = Debug|Any CPU
		{7F3E5E28-64BC-4172-815F-A9A80D2F70B9}.Debug|x86.ActiveCfg = Debug|Any CPU
		{7F3E5E28-64BC-4172-815F-A9A80D2F70B9}.Debug|x86.Build.0 = Debug|Any CPU
		{7F3E5E28-64BC-4172-815F-A9A80D2F70B9}.Release|Any CPU.ActiveCfg = Release|Any CPU
		{7F3E5E28-64BC-4172-815F-A9A80D2F70B9}.Release|Any CPU.Build.0 = Release|Any CPU
		{7F3E5E28-64BC-4172-815F-A9A80D2F70B9}.Release|x86.ActiveCfg = Release|Any CPU
		{7F3E5E28-64BC-4172-815F-A9A80D2F70B9}.Release|x86.Build.0 = Release|Any CPU
		{51E331F3-E167-4475-B46F-324A3818B3EA}.Analysis|Any CPU.ActiveCfg = Release|Any CPU
		{51E331F3-E167-4475-B46F-324A3818B3EA}.Analysis|Any CPU.Build.0 = Release|Any CPU
		{51E331F3-E167-4475-B46F-324A3818B3EA}.Analysis|x86.ActiveCfg = Release|Any CPU
		{51E331F3-E167-4475-B46F-324A3818B3EA}.Analysis|x86.Build.0 = Release|Any CPU
		{51E331F3-E167-4475-B46F-324A3818B3EA}.Debug|Any CPU.ActiveCfg = Debug|Any CPU
		{51E331F3-E167-4475-B46F-324A3818B3EA}.Debug|Any CPU.Build.0 = Debug|Any CPU
		{51E331F3-E167-4475-B46F-324A3818B3EA}.Debug|x86.ActiveCfg = Debug|Any CPU
		{51E331F3-E167-4475-B46F-324A3818B3EA}.Debug|x86.Build.0 = Debug|Any CPU
		{51E331F3-E167-4475-B46F-324A3818B3EA}.Release|Any CPU.ActiveCfg = Release|Any CPU
		{51E331F3-E167-4475-B46F-324A3818B3EA}.Release|Any CPU.Build.0 = Release|Any CPU
		{51E331F3-E167-4475-B46F-324A3818B3EA}.Release|x86.ActiveCfg = Release|Any CPU
		{51E331F3-E167-4475-B46F-324A3818B3EA}.Release|x86.Build.0 = Release|Any CPU
		{5FFBE2A9-F2C6-40E6-BCE4-47E1D2F16FEB}.Analysis|Any CPU.ActiveCfg = Release|Any CPU
		{5FFBE2A9-F2C6-40E6-BCE4-47E1D2F16FEB}.Analysis|Any CPU.Build.0 = Release|Any CPU
		{5FFBE2A9-F2C6-40E6-BCE4-47E1D2F16FEB}.Analysis|x86.ActiveCfg = Release|Any CPU
		{5FFBE2A9-F2C6-40E6-BCE4-47E1D2F16FEB}.Analysis|x86.Build.0 = Release|Any CPU
		{5FFBE2A9-F2C6-40E6-BCE4-47E1D2F16FEB}.Debug|Any CPU.ActiveCfg = Debug|Any CPU
		{5FFBE2A9-F2C6-40E6-BCE4-47E1D2F16FEB}.Debug|Any CPU.Build.0 = Debug|Any CPU
		{5FFBE2A9-F2C6-40E6-BCE4-47E1D2F16FEB}.Debug|x86.ActiveCfg = Debug|Any CPU
		{5FFBE2A9-F2C6-40E6-BCE4-47E1D2F16FEB}.Debug|x86.Build.0 = Debug|Any CPU
		{5FFBE2A9-F2C6-40E6-BCE4-47E1D2F16FEB}.Release|Any CPU.ActiveCfg = Release|Any CPU
		{5FFBE2A9-F2C6-40E6-BCE4-47E1D2F16FEB}.Release|Any CPU.Build.0 = Release|Any CPU
		{5FFBE2A9-F2C6-40E6-BCE4-47E1D2F16FEB}.Release|x86.ActiveCfg = Release|Any CPU
		{5FFBE2A9-F2C6-40E6-BCE4-47E1D2F16FEB}.Release|x86.Build.0 = Release|Any CPU
		{1098B435-E2A2-4715-AAC3-C8DDBFC22B21}.Analysis|Any CPU.ActiveCfg = Release|Any CPU
		{1098B435-E2A2-4715-AAC3-C8DDBFC22B21}.Analysis|Any CPU.Build.0 = Release|Any CPU
		{1098B435-E2A2-4715-AAC3-C8DDBFC22B21}.Analysis|x86.ActiveCfg = Release|Any CPU
		{1098B435-E2A2-4715-AAC3-C8DDBFC22B21}.Analysis|x86.Build.0 = Release|Any CPU
		{1098B435-E2A2-4715-AAC3-C8DDBFC22B21}.Debug|Any CPU.ActiveCfg = Debug|Any CPU
		{1098B435-E2A2-4715-AAC3-C8DDBFC22B21}.Debug|Any CPU.Build.0 = Debug|Any CPU
		{1098B435-E2A2-4715-AAC3-C8DDBFC22B21}.Debug|x86.ActiveCfg = Debug|Any CPU
		{1098B435-E2A2-4715-AAC3-C8DDBFC22B21}.Debug|x86.Build.0 = Debug|Any CPU
		{1098B435-E2A2-4715-AAC3-C8DDBFC22B21}.Release|Any CPU.ActiveCfg = Release|Any CPU
		{1098B435-E2A2-4715-AAC3-C8DDBFC22B21}.Release|Any CPU.Build.0 = Release|Any CPU
		{1098B435-E2A2-4715-AAC3-C8DDBFC22B21}.Release|x86.ActiveCfg = Release|Any CPU
		{1098B435-E2A2-4715-AAC3-C8DDBFC22B21}.Release|x86.Build.0 = Release|Any CPU
		{81C4CA6C-DF4F-4838-B2DF-E0CFE37BFD0A}.Analysis|Any CPU.ActiveCfg = Release|Any CPU
		{81C4CA6C-DF4F-4838-B2DF-E0CFE37BFD0A}.Analysis|Any CPU.Build.0 = Release|Any CPU
		{81C4CA6C-DF4F-4838-B2DF-E0CFE37BFD0A}.Analysis|x86.ActiveCfg = Release|Any CPU
		{81C4CA6C-DF4F-4838-B2DF-E0CFE37BFD0A}.Analysis|x86.Build.0 = Release|Any CPU
		{81C4CA6C-DF4F-4838-B2DF-E0CFE37BFD0A}.Debug|Any CPU.ActiveCfg = Debug|Any CPU
		{81C4CA6C-DF4F-4838-B2DF-E0CFE37BFD0A}.Debug|Any CPU.Build.0 = Debug|Any CPU
		{81C4CA6C-DF4F-4838-B2DF-E0CFE37BFD0A}.Debug|x86.ActiveCfg = Debug|Any CPU
		{81C4CA6C-DF4F-4838-B2DF-E0CFE37BFD0A}.Debug|x86.Build.0 = Debug|Any CPU
		{81C4CA6C-DF4F-4838-B2DF-E0CFE37BFD0A}.Release|Any CPU.ActiveCfg = Release|Any CPU
		{81C4CA6C-DF4F-4838-B2DF-E0CFE37BFD0A}.Release|Any CPU.Build.0 = Release|Any CPU
		{81C4CA6C-DF4F-4838-B2DF-E0CFE37BFD0A}.Release|x86.ActiveCfg = Release|Any CPU
		{81C4CA6C-DF4F-4838-B2DF-E0CFE37BFD0A}.Release|x86.Build.0 = Release|Any CPU
		{50EA5971-1CD4-4513-8527-88F5ED0298CC}.Analysis|Any CPU.ActiveCfg = Release|Any CPU
		{50EA5971-1CD4-4513-8527-88F5ED0298CC}.Analysis|Any CPU.Build.0 = Release|Any CPU
		{50EA5971-1CD4-4513-8527-88F5ED0298CC}.Analysis|x86.ActiveCfg = Release|Any CPU
		{50EA5971-1CD4-4513-8527-88F5ED0298CC}.Analysis|x86.Build.0 = Release|Any CPU
		{50EA5971-1CD4-4513-8527-88F5ED0298CC}.Debug|Any CPU.ActiveCfg = Debug|Any CPU
		{50EA5971-1CD4-4513-8527-88F5ED0298CC}.Debug|Any CPU.Build.0 = Debug|Any CPU
		{50EA5971-1CD4-4513-8527-88F5ED0298CC}.Debug|x86.ActiveCfg = Debug|Any CPU
		{50EA5971-1CD4-4513-8527-88F5ED0298CC}.Debug|x86.Build.0 = Debug|Any CPU
		{50EA5971-1CD4-4513-8527-88F5ED0298CC}.Release|Any CPU.ActiveCfg = Release|Any CPU
		{50EA5971-1CD4-4513-8527-88F5ED0298CC}.Release|Any CPU.Build.0 = Release|Any CPU
		{50EA5971-1CD4-4513-8527-88F5ED0298CC}.Release|x86.ActiveCfg = Release|Any CPU
		{50EA5971-1CD4-4513-8527-88F5ED0298CC}.Release|x86.Build.0 = Release|Any CPU
		{97CF791A-0FC4-4F07-B8A5-11147A73E6F9}.Analysis|Any CPU.ActiveCfg = Release|Any CPU
		{97CF791A-0FC4-4F07-B8A5-11147A73E6F9}.Analysis|Any CPU.Build.0 = Release|Any CPU
		{97CF791A-0FC4-4F07-B8A5-11147A73E6F9}.Analysis|x86.ActiveCfg = Release|Any CPU
		{97CF791A-0FC4-4F07-B8A5-11147A73E6F9}.Analysis|x86.Build.0 = Release|Any CPU
		{97CF791A-0FC4-4F07-B8A5-11147A73E6F9}.Debug|Any CPU.ActiveCfg = Debug|Any CPU
		{97CF791A-0FC4-4F07-B8A5-11147A73E6F9}.Debug|Any CPU.Build.0 = Debug|Any CPU
		{97CF791A-0FC4-4F07-B8A5-11147A73E6F9}.Debug|x86.ActiveCfg = Debug|Any CPU
		{97CF791A-0FC4-4F07-B8A5-11147A73E6F9}.Debug|x86.Build.0 = Debug|Any CPU
		{97CF791A-0FC4-4F07-B8A5-11147A73E6F9}.Release|Any CPU.ActiveCfg = Release|Any CPU
		{97CF791A-0FC4-4F07-B8A5-11147A73E6F9}.Release|Any CPU.Build.0 = Release|Any CPU
		{97CF791A-0FC4-4F07-B8A5-11147A73E6F9}.Release|x86.ActiveCfg = Release|Any CPU
		{97CF791A-0FC4-4F07-B8A5-11147A73E6F9}.Release|x86.Build.0 = Release|Any CPU
		{19802F13-338A-4F0C-8C50-E5AC606CFE42}.Analysis|Any CPU.ActiveCfg = Release|Any CPU
		{19802F13-338A-4F0C-8C50-E5AC606CFE42}.Analysis|Any CPU.Build.0 = Release|Any CPU
		{19802F13-338A-4F0C-8C50-E5AC606CFE42}.Analysis|x86.ActiveCfg = Release|Any CPU
		{19802F13-338A-4F0C-8C50-E5AC606CFE42}.Analysis|x86.Build.0 = Release|Any CPU
		{19802F13-338A-4F0C-8C50-E5AC606CFE42}.Debug|Any CPU.ActiveCfg = Debug|Any CPU
		{19802F13-338A-4F0C-8C50-E5AC606CFE42}.Debug|Any CPU.Build.0 = Debug|Any CPU
		{19802F13-338A-4F0C-8C50-E5AC606CFE42}.Debug|x86.ActiveCfg = Debug|Any CPU
		{19802F13-338A-4F0C-8C50-E5AC606CFE42}.Debug|x86.Build.0 = Debug|Any CPU
		{19802F13-338A-4F0C-8C50-E5AC606CFE42}.Release|Any CPU.ActiveCfg = Release|Any CPU
		{19802F13-338A-4F0C-8C50-E5AC606CFE42}.Release|Any CPU.Build.0 = Release|Any CPU
		{19802F13-338A-4F0C-8C50-E5AC606CFE42}.Release|x86.ActiveCfg = Release|Any CPU
		{19802F13-338A-4F0C-8C50-E5AC606CFE42}.Release|x86.Build.0 = Release|Any CPU
		{A3D78351-EA56-49BB-8DAB-AFB12ADA195B}.Analysis|Any CPU.ActiveCfg = Release|Any CPU
		{A3D78351-EA56-49BB-8DAB-AFB12ADA195B}.Analysis|Any CPU.Build.0 = Release|Any CPU
		{A3D78351-EA56-49BB-8DAB-AFB12ADA195B}.Analysis|x86.ActiveCfg = Release|Any CPU
		{A3D78351-EA56-49BB-8DAB-AFB12ADA195B}.Analysis|x86.Build.0 = Release|Any CPU
		{A3D78351-EA56-49BB-8DAB-AFB12ADA195B}.Debug|Any CPU.ActiveCfg = Debug|Any CPU
		{A3D78351-EA56-49BB-8DAB-AFB12ADA195B}.Debug|Any CPU.Build.0 = Debug|Any CPU
		{A3D78351-EA56-49BB-8DAB-AFB12ADA195B}.Debug|x86.ActiveCfg = Debug|Any CPU
		{A3D78351-EA56-49BB-8DAB-AFB12ADA195B}.Debug|x86.Build.0 = Debug|Any CPU
		{A3D78351-EA56-49BB-8DAB-AFB12ADA195B}.Release|Any CPU.ActiveCfg = Release|Any CPU
		{A3D78351-EA56-49BB-8DAB-AFB12ADA195B}.Release|Any CPU.Build.0 = Release|Any CPU
		{A3D78351-EA56-49BB-8DAB-AFB12ADA195B}.Release|x86.ActiveCfg = Release|Any CPU
		{A3D78351-EA56-49BB-8DAB-AFB12ADA195B}.Release|x86.Build.0 = Release|Any CPU
		{F9F0A4FB-DB9D-4D72-A306-E6E8A2A51B33}.Analysis|Any CPU.ActiveCfg = Release|Any CPU
		{F9F0A4FB-DB9D-4D72-A306-E6E8A2A51B33}.Analysis|Any CPU.Build.0 = Release|Any CPU
		{F9F0A4FB-DB9D-4D72-A306-E6E8A2A51B33}.Analysis|x86.ActiveCfg = Release|Any CPU
		{F9F0A4FB-DB9D-4D72-A306-E6E8A2A51B33}.Analysis|x86.Build.0 = Release|Any CPU
		{F9F0A4FB-DB9D-4D72-A306-E6E8A2A51B33}.Debug|Any CPU.ActiveCfg = Debug|Any CPU
		{F9F0A4FB-DB9D-4D72-A306-E6E8A2A51B33}.Debug|Any CPU.Build.0 = Debug|Any CPU
		{F9F0A4FB-DB9D-4D72-A306-E6E8A2A51B33}.Debug|x86.ActiveCfg = Debug|Any CPU
		{F9F0A4FB-DB9D-4D72-A306-E6E8A2A51B33}.Debug|x86.Build.0 = Debug|Any CPU
		{F9F0A4FB-DB9D-4D72-A306-E6E8A2A51B33}.Release|Any CPU.ActiveCfg = Release|Any CPU
		{F9F0A4FB-DB9D-4D72-A306-E6E8A2A51B33}.Release|Any CPU.Build.0 = Release|Any CPU
		{F9F0A4FB-DB9D-4D72-A306-E6E8A2A51B33}.Release|x86.ActiveCfg = Release|Any CPU
		{F9F0A4FB-DB9D-4D72-A306-E6E8A2A51B33}.Release|x86.Build.0 = Release|Any CPU
		{04009238-55C1-40DF-814F-3166FDB67658}.Analysis|Any CPU.ActiveCfg = Release|Any CPU
		{04009238-55C1-40DF-814F-3166FDB67658}.Analysis|Any CPU.Build.0 = Release|Any CPU
		{04009238-55C1-40DF-814F-3166FDB67658}.Analysis|x86.ActiveCfg = Release|Any CPU
		{04009238-55C1-40DF-814F-3166FDB67658}.Analysis|x86.Build.0 = Release|Any CPU
		{04009238-55C1-40DF-814F-3166FDB67658}.Debug|Any CPU.ActiveCfg = Debug|Any CPU
		{04009238-55C1-40DF-814F-3166FDB67658}.Debug|Any CPU.Build.0 = Debug|Any CPU
		{04009238-55C1-40DF-814F-3166FDB67658}.Debug|x86.ActiveCfg = Debug|Any CPU
		{04009238-55C1-40DF-814F-3166FDB67658}.Debug|x86.Build.0 = Debug|Any CPU
		{04009238-55C1-40DF-814F-3166FDB67658}.Release|Any CPU.ActiveCfg = Release|Any CPU
		{04009238-55C1-40DF-814F-3166FDB67658}.Release|Any CPU.Build.0 = Release|Any CPU
		{04009238-55C1-40DF-814F-3166FDB67658}.Release|x86.ActiveCfg = Release|Any CPU
		{04009238-55C1-40DF-814F-3166FDB67658}.Release|x86.Build.0 = Release|Any CPU
		{D5F6EA8D-79E1-4EF5-BF67-9D0B3C561527}.Analysis|Any CPU.ActiveCfg = Release|Any CPU
		{D5F6EA8D-79E1-4EF5-BF67-9D0B3C561527}.Analysis|Any CPU.Build.0 = Release|Any CPU
		{D5F6EA8D-79E1-4EF5-BF67-9D0B3C561527}.Analysis|x86.ActiveCfg = Release|Any CPU
		{D5F6EA8D-79E1-4EF5-BF67-9D0B3C561527}.Analysis|x86.Build.0 = Release|Any CPU
		{D5F6EA8D-79E1-4EF5-BF67-9D0B3C561527}.Debug|Any CPU.ActiveCfg = Debug|Any CPU
		{D5F6EA8D-79E1-4EF5-BF67-9D0B3C561527}.Debug|Any CPU.Build.0 = Debug|Any CPU
		{D5F6EA8D-79E1-4EF5-BF67-9D0B3C561527}.Debug|x86.ActiveCfg = Debug|Any CPU
		{D5F6EA8D-79E1-4EF5-BF67-9D0B3C561527}.Debug|x86.Build.0 = Debug|Any CPU
		{D5F6EA8D-79E1-4EF5-BF67-9D0B3C561527}.Release|Any CPU.ActiveCfg = Release|Any CPU
		{D5F6EA8D-79E1-4EF5-BF67-9D0B3C561527}.Release|Any CPU.Build.0 = Release|Any CPU
		{D5F6EA8D-79E1-4EF5-BF67-9D0B3C561527}.Release|x86.ActiveCfg = Release|Any CPU
		{D5F6EA8D-79E1-4EF5-BF67-9D0B3C561527}.Release|x86.Build.0 = Release|Any CPU
		{6E508F7C-AE0B-44EA-BD57-0C24329A6A6C}.Analysis|Any CPU.ActiveCfg = Release|Any CPU
		{6E508F7C-AE0B-44EA-BD57-0C24329A6A6C}.Analysis|Any CPU.Build.0 = Release|Any CPU
		{6E508F7C-AE0B-44EA-BD57-0C24329A6A6C}.Analysis|x86.ActiveCfg = Release|Any CPU
		{6E508F7C-AE0B-44EA-BD57-0C24329A6A6C}.Analysis|x86.Build.0 = Release|Any CPU
		{6E508F7C-AE0B-44EA-BD57-0C24329A6A6C}.Debug|Any CPU.ActiveCfg = Debug|Any CPU
		{6E508F7C-AE0B-44EA-BD57-0C24329A6A6C}.Debug|Any CPU.Build.0 = Debug|Any CPU
		{6E508F7C-AE0B-44EA-BD57-0C24329A6A6C}.Debug|x86.ActiveCfg = Debug|Any CPU
		{6E508F7C-AE0B-44EA-BD57-0C24329A6A6C}.Debug|x86.Build.0 = Debug|Any CPU
		{6E508F7C-AE0B-44EA-BD57-0C24329A6A6C}.Release|Any CPU.ActiveCfg = Release|Any CPU
		{6E508F7C-AE0B-44EA-BD57-0C24329A6A6C}.Release|Any CPU.Build.0 = Release|Any CPU
		{6E508F7C-AE0B-44EA-BD57-0C24329A6A6C}.Release|x86.ActiveCfg = Release|Any CPU
		{6E508F7C-AE0B-44EA-BD57-0C24329A6A6C}.Release|x86.Build.0 = Release|Any CPU
	EndGlobalSection
	GlobalSection(SolutionProperties) = preSolution
		HideSolutionNode = FALSE
	EndGlobalSection
	GlobalSection(NestedProjects) = preSolution
		{D7A39BB9-773C-43B3-8C2F-07F07AC2D61F} = {9D2C01FA-14E3-4A98-90D9-B93CAED556C9}
		{F58632C1-046A-4CDF-8482-1E147DDC0B38} = {D7A39BB9-773C-43B3-8C2F-07F07AC2D61F}
		{2BCC0772-CF55-4F3F-B33F-BF2FEC9E5C10} = {D7A39BB9-773C-43B3-8C2F-07F07AC2D61F}
		{EC5ADA38-3ED5-4A42-84FD-DB9245259A50} = {D7A39BB9-773C-43B3-8C2F-07F07AC2D61F}
		{F55F1519-31A1-4C51-874D-CBB2399F07DA} = {D7A39BB9-773C-43B3-8C2F-07F07AC2D61F}
		{DD5592EC-BAD2-4332-A10F-7F94D2C9905F} = {D7A39BB9-773C-43B3-8C2F-07F07AC2D61F}
		{968AC5CE-657B-475F-A6A8-5CB75B9F4C5A} = {D7A39BB9-773C-43B3-8C2F-07F07AC2D61F}
		{877098D0-4A34-43D4-8FE7-12997348EE46} = {D7A39BB9-773C-43B3-8C2F-07F07AC2D61F}
		{2AE5C2D1-0756-43C5-BFC0-185E67702216} = {D7A39BB9-773C-43B3-8C2F-07F07AC2D61F}
		{EA7B76B3-5CAD-4A22-A4FC-66CDF4D350F8} = {D7A39BB9-773C-43B3-8C2F-07F07AC2D61F}
		{4F4FECA6-D1F2-4A94-81A2-6BF9F4B087C9} = {D7A39BB9-773C-43B3-8C2F-07F07AC2D61F}
		{8AC74666-2B5A-4B6B-8129-BCA66A42CAD0} = {D7A39BB9-773C-43B3-8C2F-07F07AC2D61F}
		{9D231DFF-ADFC-4C0F-9173-BA943EF3C8C6} = {D7A39BB9-773C-43B3-8C2F-07F07AC2D61F}
		{29F9861F-0837-494E-A927-6FB3150D1302} = {D7A39BB9-773C-43B3-8C2F-07F07AC2D61F}
		{CA1A2327-1785-4B9C-9E15-A425A1921DE0} = {D7A39BB9-773C-43B3-8C2F-07F07AC2D61F}
		{4D7537C6-FC16-4468-A218-C57C5E2753B7} = {D7A39BB9-773C-43B3-8C2F-07F07AC2D61F}
		{1796817E-9771-47DC-A5A4-B8A6370A63DC} = {D7A39BB9-773C-43B3-8C2F-07F07AC2D61F}
		{A657404C-4F5B-4037-8504-6F8DF61F04C0} = {D7A39BB9-773C-43B3-8C2F-07F07AC2D61F}
		{0C64BA78-FBC6-46A9-80EA-746E907C1A1D} = {D7A39BB9-773C-43B3-8C2F-07F07AC2D61F}
		{A86DE7A7-1666-4986-9BEF-B9EE30357479} = {D7A39BB9-773C-43B3-8C2F-07F07AC2D61F}
		{B0FCAF4A-13CF-48B9-A4A3-82A838ED34DF} = {D7A39BB9-773C-43B3-8C2F-07F07AC2D61F}
		{2E3DF5C2-8A38-4A03-86D7-8D463C917E47} = {D7A39BB9-773C-43B3-8C2F-07F07AC2D61F}
		{CEF6A411-FC4C-4119-B21F-E50C1A1CDD3C} = {D7A39BB9-773C-43B3-8C2F-07F07AC2D61F}
		{FB217853-AD10-41F7-91CE-8EBD6094C223} = {D7A39BB9-773C-43B3-8C2F-07F07AC2D61F}
		{DE11A84B-BEC3-4F2E-9C66-ACBC039E0CCC} = {D7A39BB9-773C-43B3-8C2F-07F07AC2D61F}
		{12CF0854-7C0A-484E-8B05-6F749BDB4E74} = {D7A39BB9-773C-43B3-8C2F-07F07AC2D61F}
		{830CD110-A265-479E-A791-6B4FEF997EBB} = {D7A39BB9-773C-43B3-8C2F-07F07AC2D61F}
		{E11F5724-2C15-4249-9FFB-44804D5D7F93} = {D7A39BB9-773C-43B3-8C2F-07F07AC2D61F}
		{0BB42B15-A249-4E0B-AA01-5A450740E135} = {D7A39BB9-773C-43B3-8C2F-07F07AC2D61F}
		{0F1B73DB-9A37-4F53-9CE7-E882F37D6110} = {D7A39BB9-773C-43B3-8C2F-07F07AC2D61F}
		{3401D389-5E7D-44A1-94BD-890FFCD7E715} = {D7A39BB9-773C-43B3-8C2F-07F07AC2D61F}
		{0AC72BF7-69D5-422C-8E99-7731A3C96129} = {D7A39BB9-773C-43B3-8C2F-07F07AC2D61F}
		{FBB57B38-F210-4F04-B3D6-EB1B8078E1A8} = {D7A39BB9-773C-43B3-8C2F-07F07AC2D61F}
		{B333F239-872D-4A8E-AD78-DD056AF68B83} = {D7A39BB9-773C-43B3-8C2F-07F07AC2D61F}
		{6DFA24C3-B875-4BF8-BE53-F82149B9B866} = {9D2C01FA-14E3-4A98-90D9-B93CAED556C9}
		{280C5BFD-FB6C-4504-9CB9-43FDBEB64F62} = {6DFA24C3-B875-4BF8-BE53-F82149B9B866}
		{9D3D8A71-450D-48AB-A478-08CED69EA218} = {6DFA24C3-B875-4BF8-BE53-F82149B9B866}
		{ED05BC55-435B-4678-8596-EE28D3380373} = {9D2C01FA-14E3-4A98-90D9-B93CAED556C9}
		{B68CB69D-5741-432C-8048-1604907FFF06} = {9D2C01FA-14E3-4A98-90D9-B93CAED556C9}
		{7E405C06-511F-4741-968A-A0E4EA7EA681} = {B68CB69D-5741-432C-8048-1604907FFF06}
		{907C8A19-866D-45E6-B07F-B854C2A6896F} = {B68CB69D-5741-432C-8048-1604907FFF06}
		{9A4A3F5D-5CB8-4EA4-BA86-E3D275610822} = {ED05BC55-435B-4678-8596-EE28D3380373}
		{E65E5041-69B7-49F1-9E5C-A495D2EFAC2B} = {ED05BC55-435B-4678-8596-EE28D3380373}
		{956CB153-A259-4049-ADB6-4241D0F69F67} = {D7A39BB9-773C-43B3-8C2F-07F07AC2D61F}
		{53CD4262-DC88-4B5D-BB47-1FBD73682E06} = {D7A39BB9-773C-43B3-8C2F-07F07AC2D61F}
		{63894DB9-C60A-4A3E-A504-182210B2792D} = {ED05BC55-435B-4678-8596-EE28D3380373}
		{0A7A854A-9EC9-4697-9711-5016A7C33727} = {B68CB69D-5741-432C-8048-1604907FFF06}
		{9D22BFA1-42DF-4F9F-BE59-676D21A7F503} = {6DFA24C3-B875-4BF8-BE53-F82149B9B866}
		{BB0D69F7-416A-44B2-AD96-C412B97AAEBC} = {D7A39BB9-773C-43B3-8C2F-07F07AC2D61F}
		{3B2F4BDD-8CBA-467C-86C4-78F619D2D8C8} = {D7A39BB9-773C-43B3-8C2F-07F07AC2D61F}
		{2D5D4659-DDB4-4690-9BA4-BA9B242BD6E3} = {D7A39BB9-773C-43B3-8C2F-07F07AC2D61F}
		{E64809FC-0F81-411A-A3B0-497ED512FEF0} = {D7A39BB9-773C-43B3-8C2F-07F07AC2D61F}
		{F154F259-E24F-4069-8C34-20099D1E5454} = {6DFA24C3-B875-4BF8-BE53-F82149B9B866}
		{3690B19F-C8C7-4B6F-B9B5-7B89B4D95C52} = {ED05BC55-435B-4678-8596-EE28D3380373}
		{87B16AD8-52DD-4F66-B889-0CE78522ED3C} = {ED05BC55-435B-4678-8596-EE28D3380373}
		{CFE596A5-90B9-4504-975F-2C485384ED5E} = {D7A39BB9-773C-43B3-8C2F-07F07AC2D61F}
		{C90C81EE-06AC-4DAB-89BA-A76F6511DD7A} = {D7A39BB9-773C-43B3-8C2F-07F07AC2D61F}
		{7F3E5E28-64BC-4172-815F-A9A80D2F70B9} = {D7A39BB9-773C-43B3-8C2F-07F07AC2D61F}
		{51E331F3-E167-4475-B46F-324A3818B3EA} = {D7A39BB9-773C-43B3-8C2F-07F07AC2D61F}
		{5FFBE2A9-F2C6-40E6-BCE4-47E1D2F16FEB} = {D7A39BB9-773C-43B3-8C2F-07F07AC2D61F}
		{1098B435-E2A2-4715-AAC3-C8DDBFC22B21} = {B68CB69D-5741-432C-8048-1604907FFF06}
		{81C4CA6C-DF4F-4838-B2DF-E0CFE37BFD0A} = {D7A39BB9-773C-43B3-8C2F-07F07AC2D61F}
		{50EA5971-1CD4-4513-8527-88F5ED0298CC} = {D7A39BB9-773C-43B3-8C2F-07F07AC2D61F}
		{97CF791A-0FC4-4F07-B8A5-11147A73E6F9} = {D7A39BB9-773C-43B3-8C2F-07F07AC2D61F}
		{19802F13-338A-4F0C-8C50-E5AC606CFE42} = {D7A39BB9-773C-43B3-8C2F-07F07AC2D61F}
		{A3D78351-EA56-49BB-8DAB-AFB12ADA195B} = {D7A39BB9-773C-43B3-8C2F-07F07AC2D61F}
		{F9F0A4FB-DB9D-4D72-A306-E6E8A2A51B33} = {D7A39BB9-773C-43B3-8C2F-07F07AC2D61F}
	EndGlobalSection
EndGlobal
